// !$*UTF8*$!
{
	archiveVersion = 1;
	classes = {
	};
	objectVersion = 56;
	objects = {

/* Begin PBXBuildFile section */
		B5150D5F2BB1ABA60016EF33 /* AppDelegate.swift in Sources */ = {isa = PBXBuildFile; fileRef = B5150D5E2BB1ABA60016EF33 /* AppDelegate.swift */; };
		B5150D612BB1ABA60016EF33 /* SceneDelegate.swift in Sources */ = {isa = PBXBuildFile; fileRef = B5150D602BB1ABA60016EF33 /* SceneDelegate.swift */; };
		B5150D682BB1ABA80016EF33 /* Assets.xcassets in Resources */ = {isa = PBXBuildFile; fileRef = B5150D672BB1ABA80016EF33 /* Assets.xcassets */; };
		B5150D6B2BB1ABA80016EF33 /* LaunchScreen.storyboard in Resources */ = {isa = PBXBuildFile; fileRef = B5150D692BB1ABA80016EF33 /* LaunchScreen.storyboard */; };
		B5150E292BB1BACA0016EF33 /* ActivityListDomain.docc in Sources */ = {isa = PBXBuildFile; fileRef = B5150E282BB1BACA0016EF33 /* ActivityListDomain.docc */; };
		B5150E372BB1BACA0016EF33 /* ActivityListDomain.h in Headers */ = {isa = PBXBuildFile; fileRef = B5150E272BB1BACA0016EF33 /* ActivityListDomain.h */; settings = {ATTRIBUTES = (Public, ); }; };
		B5150E3A2BB1BACA0016EF33 /* ActivityListDomain.framework in Frameworks */ = {isa = PBXBuildFile; fileRef = B5150E252BB1BACA0016EF33 /* ActivityListDomain.framework */; };
		B5150E3B2BB1BACA0016EF33 /* ActivityListDomain.framework in Embed Frameworks */ = {isa = PBXBuildFile; fileRef = B5150E252BB1BACA0016EF33 /* ActivityListDomain.framework */; settings = {ATTRIBUTES = (CodeSignOnCopy, RemoveHeadersOnCopy, ); }; };
		B5150E442BB1BB1F0016EF33 /* TaskModel.swift in Sources */ = {isa = PBXBuildFile; fileRef = B5150E432BB1BB1F0016EF33 /* TaskModel.swift */; };
		B5150E472BB1BBAC0016EF33 /* TasksListRepositoryProtocol.swift in Sources */ = {isa = PBXBuildFile; fileRef = B5150E462BB1BBAC0016EF33 /* TasksListRepositoryProtocol.swift */; };
		B5150E652BB1C88D0016EF33 /* ActivityListUI.docc in Sources */ = {isa = PBXBuildFile; fileRef = B5150E642BB1C88D0016EF33 /* ActivityListUI.docc */; };
		B5150E6B2BB1C88D0016EF33 /* ActivityListUI.framework in Frameworks */ = {isa = PBXBuildFile; fileRef = B5150E612BB1C88C0016EF33 /* ActivityListUI.framework */; };
		B5150E732BB1C88D0016EF33 /* ActivityListUI.h in Headers */ = {isa = PBXBuildFile; fileRef = B5150E632BB1C88C0016EF33 /* ActivityListUI.h */; settings = {ATTRIBUTES = (Public, ); }; };
		B5150E762BB1C88D0016EF33 /* ActivityListUI.framework in Frameworks */ = {isa = PBXBuildFile; fileRef = B5150E612BB1C88C0016EF33 /* ActivityListUI.framework */; };
		B5150E772BB1C88D0016EF33 /* ActivityListUI.framework in Embed Frameworks */ = {isa = PBXBuildFile; fileRef = B5150E612BB1C88C0016EF33 /* ActivityListUI.framework */; settings = {ATTRIBUTES = (CodeSignOnCopy, RemoveHeadersOnCopy, ); }; };
		B54F74EF2BBEEFC100CE0CC7 /* TaskItemRepositoryProtocol.swift in Sources */ = {isa = PBXBuildFile; fileRef = B54F74EE2BBEEFC100CE0CC7 /* TaskItemRepositoryProtocol.swift */; };
		B54F74F12BBEF01500CE0CC7 /* TaskItemRepository.swift in Sources */ = {isa = PBXBuildFile; fileRef = B54F74F02BBEF01500CE0CC7 /* TaskItemRepository.swift */; };
		B54F74F32BBFEB7600CE0CC7 /* ErrorProneStore.swift in Sources */ = {isa = PBXBuildFile; fileRef = B54F74F22BBFEB7600CE0CC7 /* ErrorProneStore.swift */; };
		B54F74F52BBFFDCF00CE0CC7 /* XCTestCase+ErrorChecking.swift in Sources */ = {isa = PBXBuildFile; fileRef = B54F74F42BBFFDCF00CE0CC7 /* XCTestCase+ErrorChecking.swift */; };
		B54F74FB2BC5635500CE0CC7 /* TasksListInfo_UIImage+Equatable.swift in Sources */ = {isa = PBXBuildFile; fileRef = B54F74FA2BC5635500CE0CC7 /* TasksListInfo_UIImage+Equatable.swift */; };
		B54F74FC2BC571C500CE0CC7 /* TasksListInfo+Equatable.swift in Sources */ = {isa = PBXBuildFile; fileRef = B575946E2BBAF27B00BCE59A /* TasksListInfo+Equatable.swift */; };
		B54F74FF2BC578FE00CE0CC7 /* IconImageServiceTests.swift in Sources */ = {isa = PBXBuildFile; fileRef = B54F74FE2BC578FE00CE0CC7 /* IconImageServiceTests.swift */; };
		B56726272BB57AC0007DE166 /* ActivityListDomain.framework in Frameworks */ = {isa = PBXBuildFile; fileRef = B5150E252BB1BACA0016EF33 /* ActivityListDomain.framework */; };
		B56726282BB57AC0007DE166 /* ActivityListDomain.framework in Embed Frameworks */ = {isa = PBXBuildFile; fileRef = B5150E252BB1BACA0016EF33 /* ActivityListDomain.framework */; settings = {ATTRIBUTES = (CodeSignOnCopy, RemoveHeadersOnCopy, ); }; };
		B567262D2BB58231007DE166 /* ImageService.swift in Sources */ = {isa = PBXBuildFile; fileRef = B567262C2BB58231007DE166 /* ImageService.swift */; };
		B567262F2BB58938007DE166 /* Media.xcassets in Resources */ = {isa = PBXBuildFile; fileRef = B567262E2BB58938007DE166 /* Media.xcassets */; };
		B56726372BB5A9F8007DE166 /* TasksListRepositoryTests.swift in Sources */ = {isa = PBXBuildFile; fileRef = B56726362BB5A9F8007DE166 /* TasksListRepositoryTests.swift */; };
		B56726382BB5A9F8007DE166 /* ActivityListDataLayer.framework in Frameworks */ = {isa = PBXBuildFile; fileRef = B5B399CD2BB2A9F60084726F /* ActivityListDataLayer.framework */; platformFilter = ios; };
		B575945D2BBAA37200BCE59A /* ActivityTypeInner.swift in Sources */ = {isa = PBXBuildFile; fileRef = B575945C2BBAA37200BCE59A /* ActivityTypeInner.swift */; };
		B57594602BBAA49E00BCE59A /* HomeServiceProtocol.swift in Sources */ = {isa = PBXBuildFile; fileRef = B575945F2BBAA49E00BCE59A /* HomeServiceProtocol.swift */; };
		B57594662BBAACC600BCE59A /* XCTestCase+MemoryLeak.swift in Sources */ = {isa = PBXBuildFile; fileRef = B5B39A202BB553440084726F /* XCTestCase+MemoryLeak.swift */; };
		B57594682BBAAF5C00BCE59A /* XCTestCase+TasksListCreation.swift in Sources */ = {isa = PBXBuildFile; fileRef = B5B39A262BB565FD0084726F /* XCTestCase+TasksListCreation.swift */; };
		B575946A2BBAE4F500BCE59A /* SharedTestHelper.swift in Sources */ = {isa = PBXBuildFile; fileRef = B57594692BBAE4F500BCE59A /* SharedTestHelper.swift */; };
		B575946B2BBAE4F500BCE59A /* SharedTestHelper.swift in Sources */ = {isa = PBXBuildFile; fileRef = B57594692BBAE4F500BCE59A /* SharedTestHelper.swift */; };
		B575946D2BBAE6AD00BCE59A /* HomeService.swift in Sources */ = {isa = PBXBuildFile; fileRef = B575946C2BBAE6AD00BCE59A /* HomeService.swift */; };
		B57594732BBBE71800BCE59A /* RunLoop+TestHelpers.swift in Sources */ = {isa = PBXBuildFile; fileRef = B57594722BBBE71800BCE59A /* RunLoop+TestHelpers.swift */; };
		B57594742BBBE71800BCE59A /* RunLoop+TestHelpers.swift in Sources */ = {isa = PBXBuildFile; fileRef = B57594722BBBE71800BCE59A /* RunLoop+TestHelpers.swift */; };
		B57594762BBBF35900BCE59A /* CompletionHolder.swift in Sources */ = {isa = PBXBuildFile; fileRef = B57594752BBBF35900BCE59A /* CompletionHolder.swift */; };
		B57594772BBBF35900BCE59A /* CompletionHolder.swift in Sources */ = {isa = PBXBuildFile; fileRef = B57594752BBBF35900BCE59A /* CompletionHolder.swift */; };
		B57594812BBBFF5200BCE59A /* ActivityListDomain.framework in Frameworks */ = {isa = PBXBuildFile; fileRef = B5150E252BB1BACA0016EF33 /* ActivityListDomain.framework */; platformFilter = ios; };
		B57594882BBBFF7300BCE59A /* HomeServiceTests.swift in Sources */ = {isa = PBXBuildFile; fileRef = B57594632BBAA77700BCE59A /* HomeServiceTests.swift */; };
		B57594892BBBFF8000BCE59A /* XCTestCase+TasksListCreation.swift in Sources */ = {isa = PBXBuildFile; fileRef = B5B39A262BB565FD0084726F /* XCTestCase+TasksListCreation.swift */; };
		B575948A2BBBFFF800BCE59A /* SharedTestHelper.swift in Sources */ = {isa = PBXBuildFile; fileRef = B57594692BBAE4F500BCE59A /* SharedTestHelper.swift */; };
		B575948B2BBC001900BCE59A /* RunLoop+TestHelpers.swift in Sources */ = {isa = PBXBuildFile; fileRef = B57594722BBBE71800BCE59A /* RunLoop+TestHelpers.swift */; };
		B575948C2BBC002700BCE59A /* XCTestCase+MemoryLeak.swift in Sources */ = {isa = PBXBuildFile; fileRef = B5B39A202BB553440084726F /* XCTestCase+MemoryLeak.swift */; };
		B575948D2BBC002700BCE59A /* CompletionHolder.swift in Sources */ = {isa = PBXBuildFile; fileRef = B57594752BBBF35900BCE59A /* CompletionHolder.swift */; };
		B57594932BBC0C8200BCE59A /* TaskItemsRepositoryTests.swift in Sources */ = {isa = PBXBuildFile; fileRef = B57594912BBC0BE400BCE59A /* TaskItemsRepositoryTests.swift */; };
		B57594962BBC0CE100BCE59A /* XCTestCase+CoreDataHelpers.swift in Sources */ = {isa = PBXBuildFile; fileRef = B57594952BBC0CE100BCE59A /* XCTestCase+CoreDataHelpers.swift */; };
		B5B399D12BB2A9F70084726F /* ActivityListDataLayer.docc in Sources */ = {isa = PBXBuildFile; fileRef = B5B399D02BB2A9F60084726F /* ActivityListDataLayer.docc */; };
		B5B399E22BB2A9F80084726F /* ActivityListDataLayer.framework in Frameworks */ = {isa = PBXBuildFile; fileRef = B5B399CD2BB2A9F60084726F /* ActivityListDataLayer.framework */; };
		B5B399E32BB2A9F80084726F /* ActivityListDataLayer.framework in Embed Frameworks */ = {isa = PBXBuildFile; fileRef = B5B399CD2BB2A9F60084726F /* ActivityListDataLayer.framework */; settings = {ATTRIBUTES = (CodeSignOnCopy, RemoveHeadersOnCopy, ); }; };
		B5B399ED2BB2AA350084726F /* ActivityList.xcdatamodeld in Sources */ = {isa = PBXBuildFile; fileRef = B5B399EB2BB2AA350084726F /* ActivityList.xcdatamodeld */; };
		B5B39A0C2BB2ADC90084726F /* TasksListRepository.swift in Sources */ = {isa = PBXBuildFile; fileRef = B5B39A0B2BB2ADC90084726F /* TasksListRepository.swift */; };
		B5B39A0F2BB2B10E0084726F /* HomeViewController.swift in Sources */ = {isa = PBXBuildFile; fileRef = B5B39A0E2BB2B10E0084726F /* HomeViewController.swift */; };
		B5B39A132BB2BDC60084726F /* HomeViewController.xib in Resources */ = {isa = PBXBuildFile; fileRef = B5B39A122BB2BDC60084726F /* HomeViewController.xib */; };
		B5B39A162BB2C4360084726F /* CompositionRoot.swift in Sources */ = {isa = PBXBuildFile; fileRef = B5B39A152BB2C4360084726F /* CompositionRoot.swift */; };
		B5B39A182BB4234E0084726F /* HomeView.swift in Sources */ = {isa = PBXBuildFile; fileRef = B5B39A172BB4234E0084726F /* HomeView.swift */; };
		B5B39A192BB44FB90084726F /* ActivityListDomain.framework in Frameworks */ = {isa = PBXBuildFile; fileRef = B5150E252BB1BACA0016EF33 /* ActivityListDomain.framework */; platformFilter = ios; };
		B5B39A1C2BB550FE0084726F /* TasksListModel.swift in Sources */ = {isa = PBXBuildFile; fileRef = B5B39A1B2BB550FE0084726F /* TasksListModel.swift */; };
		B5B39A232BB554D30084726F /* HomeViewTests.swift in Sources */ = {isa = PBXBuildFile; fileRef = B5B39A1E2BB552910084726F /* HomeViewTests.swift */; };
		B5B39A242BB554D90084726F /* XCTestCase+MemoryLeak.swift in Sources */ = {isa = PBXBuildFile; fileRef = B5B39A202BB553440084726F /* XCTestCase+MemoryLeak.swift */; };
		B5B39A252BB554DF0084726F /* HomeViewControllerTests.swift in Sources */ = {isa = PBXBuildFile; fileRef = B5150E712BB1C88D0016EF33 /* HomeViewControllerTests.swift */; };
		B5B39A272BB565FD0084726F /* XCTestCase+TasksListCreation.swift in Sources */ = {isa = PBXBuildFile; fileRef = B5B39A262BB565FD0084726F /* XCTestCase+TasksListCreation.swift */; };
		B5B7E1FF2BD95E42008DE1FC /* ItemsListViewTests.swift in Sources */ = {isa = PBXBuildFile; fileRef = B5B7E1FE2BD95E42008DE1FC /* ItemsListViewTests.swift */; };
		B5B7E2072BD96011008DE1FC /* HomeViewControllerTests.swift in Sources */ = {isa = PBXBuildFile; fileRef = B5B7E2062BD96011008DE1FC /* HomeViewControllerTests.swift */; };
		B5B7E20D2BD9609C008DE1FC /* RunLoop+TestHelpers.swift in Sources */ = {isa = PBXBuildFile; fileRef = B57594722BBBE71800BCE59A /* RunLoop+TestHelpers.swift */; };
		B5B7E20E2BD960B4008DE1FC /* XCTestCase+TasksListCreation.swift in Sources */ = {isa = PBXBuildFile; fileRef = B5B39A262BB565FD0084726F /* XCTestCase+TasksListCreation.swift */; };
		B5B7E20F2BD96140008DE1FC /* TasksListInfo_UIImage+Equatable.swift in Sources */ = {isa = PBXBuildFile; fileRef = B54F74FA2BC5635500CE0CC7 /* TasksListInfo_UIImage+Equatable.swift */; };
		B5B7E2102BD96185008DE1FC /* CompletionHolder.swift in Sources */ = {isa = PBXBuildFile; fileRef = B57594752BBBF35900BCE59A /* CompletionHolder.swift */; };
		B5B7E2112BD961B6008DE1FC /* SharedTestHelper.swift in Sources */ = {isa = PBXBuildFile; fileRef = B57594692BBAE4F500BCE59A /* SharedTestHelper.swift */; };
		B5B7E2122BD961C2008DE1FC /* XCTestCase+MemoryLeak.swift in Sources */ = {isa = PBXBuildFile; fileRef = B5B39A202BB553440084726F /* XCTestCase+MemoryLeak.swift */; };
		B5B7E2152BDA550B008DE1FC /* HomeView+DataSource.swift in Sources */ = {isa = PBXBuildFile; fileRef = B5B7E2132BDA54FA008DE1FC /* HomeView+DataSource.swift */; };
		B5B7E2162BDA551D008DE1FC /* HomeView+DataSource.swift in Sources */ = {isa = PBXBuildFile; fileRef = B5B7E2132BDA54FA008DE1FC /* HomeView+DataSource.swift */; };
		B5B7E2192BDA5F5A008DE1FC /* ItemData.swift in Sources */ = {isa = PBXBuildFile; fileRef = B5B7E2182BDA5F5A008DE1FC /* ItemData.swift */; };
		B5B7E21B2BDA6025008DE1FC /* ItemTableCellView.swift in Sources */ = {isa = PBXBuildFile; fileRef = B5B7E21A2BDA6025008DE1FC /* ItemTableCellView.swift */; };
		B5B7E21D2BDA60A4008DE1FC /* ItemsView.swift in Sources */ = {isa = PBXBuildFile; fileRef = B5B7E21C2BDA60A4008DE1FC /* ItemsView.swift */; };
		B5B7E21F2BDA610C008DE1FC /* ItemsViewControllerTests.swift in Sources */ = {isa = PBXBuildFile; fileRef = B5B7E21E2BDA610C008DE1FC /* ItemsViewControllerTests.swift */; };
		B5B7E2222BDA6310008DE1FC /* XCTestCase+ItemDataCreation.swift in Sources */ = {isa = PBXBuildFile; fileRef = B5B7E2202BDA62E5008DE1FC /* XCTestCase+ItemDataCreation.swift */; };
		B5B7E2272BDA870D008DE1FC /* ItemsViewController.swift in Sources */ = {isa = PBXBuildFile; fileRef = B5B7E2252BDA86C0008DE1FC /* ItemsViewController.swift */; };
		B5B7E2282BDA8713008DE1FC /* ItemsViewController.xib in Resources */ = {isa = PBXBuildFile; fileRef = B5B7E2232BDA64A7008DE1FC /* ItemsViewController.xib */; };
		B5B7E22B2BDA90B9008DE1FC /* HomeServiceToItemsServiceAdapter.swift in Sources */ = {isa = PBXBuildFile; fileRef = B5B7E22A2BDA90B9008DE1FC /* HomeServiceToItemsServiceAdapter.swift */; };
/* End PBXBuildFile section */

/* Begin PBXContainerItemProxy section */
		B5150E382BB1BACA0016EF33 /* PBXContainerItemProxy */ = {
			isa = PBXContainerItemProxy;
			containerPortal = B5150D532BB1ABA60016EF33 /* Project object */;
			proxyType = 1;
			remoteGlobalIDString = B5150E242BB1BACA0016EF33;
			remoteInfo = ActivityListDomain;
		};
		B5150E6C2BB1C88D0016EF33 /* PBXContainerItemProxy */ = {
			isa = PBXContainerItemProxy;
			containerPortal = B5150D532BB1ABA60016EF33 /* Project object */;
			proxyType = 1;
			remoteGlobalIDString = B5150E602BB1C88C0016EF33;
			remoteInfo = ActivityListUI;
		};
		B5150E6E2BB1C88D0016EF33 /* PBXContainerItemProxy */ = {
			isa = PBXContainerItemProxy;
			containerPortal = B5150D532BB1ABA60016EF33 /* Project object */;
			proxyType = 1;
			remoteGlobalIDString = B5150D5A2BB1ABA60016EF33;
			remoteInfo = ActivityList;
		};
		B5150E742BB1C88D0016EF33 /* PBXContainerItemProxy */ = {
			isa = PBXContainerItemProxy;
			containerPortal = B5150D532BB1ABA60016EF33 /* Project object */;
			proxyType = 1;
			remoteGlobalIDString = B5150E602BB1C88C0016EF33;
			remoteInfo = ActivityListUI;
		};
		B56726292BB57AC0007DE166 /* PBXContainerItemProxy */ = {
			isa = PBXContainerItemProxy;
			containerPortal = B5150D532BB1ABA60016EF33 /* Project object */;
			proxyType = 1;
			remoteGlobalIDString = B5150E242BB1BACA0016EF33;
			remoteInfo = ActivityListDomain;
		};
		B56726392BB5A9F8007DE166 /* PBXContainerItemProxy */ = {
			isa = PBXContainerItemProxy;
			containerPortal = B5150D532BB1ABA60016EF33 /* Project object */;
			proxyType = 1;
			remoteGlobalIDString = B5B399CC2BB2A9F60084726F;
			remoteInfo = ActivityListDataLayer;
		};
		B57594822BBBFF5200BCE59A /* PBXContainerItemProxy */ = {
			isa = PBXContainerItemProxy;
			containerPortal = B5150D532BB1ABA60016EF33 /* Project object */;
			proxyType = 1;
			remoteGlobalIDString = B5150E242BB1BACA0016EF33;
			remoteInfo = ActivityListDomain;
		};
		B5B399E02BB2A9F80084726F /* PBXContainerItemProxy */ = {
			isa = PBXContainerItemProxy;
			containerPortal = B5150D532BB1ABA60016EF33 /* Project object */;
			proxyType = 1;
			remoteGlobalIDString = B5B399CC2BB2A9F60084726F;
			remoteInfo = ActivityListDataLayer;
		};
		B5B7E2082BD96011008DE1FC /* PBXContainerItemProxy */ = {
			isa = PBXContainerItemProxy;
			containerPortal = B5150D532BB1ABA60016EF33 /* Project object */;
			proxyType = 1;
			remoteGlobalIDString = B5150D5A2BB1ABA60016EF33;
			remoteInfo = ActivityList;
		};
/* End PBXContainerItemProxy section */

/* Begin PBXCopyFilesBuildPhase section */
		B5150DAD2BB1ACF30016EF33 /* Embed Frameworks */ = {
			isa = PBXCopyFilesBuildPhase;
			buildActionMask = 2147483647;
			dstPath = "";
			dstSubfolderSpec = 10;
			files = (
				B5150E772BB1C88D0016EF33 /* ActivityListUI.framework in Embed Frameworks */,
				B5B399E32BB2A9F80084726F /* ActivityListDataLayer.framework in Embed Frameworks */,
				B5150E3B2BB1BACA0016EF33 /* ActivityListDomain.framework in Embed Frameworks */,
			);
			name = "Embed Frameworks";
			runOnlyForDeploymentPostprocessing = 0;
		};
		B567262B2BB57AC0007DE166 /* Embed Frameworks */ = {
			isa = PBXCopyFilesBuildPhase;
			buildActionMask = 2147483647;
			dstPath = "";
			dstSubfolderSpec = 10;
			files = (
				B56726282BB57AC0007DE166 /* ActivityListDomain.framework in Embed Frameworks */,
			);
			name = "Embed Frameworks";
			runOnlyForDeploymentPostprocessing = 0;
		};
/* End PBXCopyFilesBuildPhase section */

/* Begin PBXFileReference section */
		B5150D5B2BB1ABA60016EF33 /* ActivityList.app */ = {isa = PBXFileReference; explicitFileType = wrapper.application; includeInIndex = 0; path = ActivityList.app; sourceTree = BUILT_PRODUCTS_DIR; };
		B5150D5E2BB1ABA60016EF33 /* AppDelegate.swift */ = {isa = PBXFileReference; lastKnownFileType = sourcecode.swift; path = AppDelegate.swift; sourceTree = "<group>"; };
		B5150D602BB1ABA60016EF33 /* SceneDelegate.swift */ = {isa = PBXFileReference; lastKnownFileType = sourcecode.swift; path = SceneDelegate.swift; sourceTree = "<group>"; };
		B5150D672BB1ABA80016EF33 /* Assets.xcassets */ = {isa = PBXFileReference; lastKnownFileType = folder.assetcatalog; path = Assets.xcassets; sourceTree = "<group>"; };
		B5150D6A2BB1ABA80016EF33 /* Base */ = {isa = PBXFileReference; lastKnownFileType = file.storyboard; name = Base; path = Base.lproj/LaunchScreen.storyboard; sourceTree = "<group>"; };
		B5150D6C2BB1ABA80016EF33 /* Info.plist */ = {isa = PBXFileReference; lastKnownFileType = text.plist.xml; path = Info.plist; sourceTree = "<group>"; };
		B5150E252BB1BACA0016EF33 /* ActivityListDomain.framework */ = {isa = PBXFileReference; explicitFileType = wrapper.framework; includeInIndex = 0; path = ActivityListDomain.framework; sourceTree = BUILT_PRODUCTS_DIR; };
		B5150E272BB1BACA0016EF33 /* ActivityListDomain.h */ = {isa = PBXFileReference; lastKnownFileType = sourcecode.c.h; path = ActivityListDomain.h; sourceTree = "<group>"; };
		B5150E282BB1BACA0016EF33 /* ActivityListDomain.docc */ = {isa = PBXFileReference; lastKnownFileType = folder.documentationcatalog; path = ActivityListDomain.docc; sourceTree = "<group>"; };
		B5150E432BB1BB1F0016EF33 /* TaskModel.swift */ = {isa = PBXFileReference; lastKnownFileType = sourcecode.swift; path = TaskModel.swift; sourceTree = "<group>"; };
		B5150E462BB1BBAC0016EF33 /* TasksListRepositoryProtocol.swift */ = {isa = PBXFileReference; lastKnownFileType = sourcecode.swift; path = TasksListRepositoryProtocol.swift; sourceTree = "<group>"; };
		B5150E612BB1C88C0016EF33 /* ActivityListUI.framework */ = {isa = PBXFileReference; explicitFileType = wrapper.framework; includeInIndex = 0; path = ActivityListUI.framework; sourceTree = BUILT_PRODUCTS_DIR; };
		B5150E632BB1C88C0016EF33 /* ActivityListUI.h */ = {isa = PBXFileReference; lastKnownFileType = sourcecode.c.h; path = ActivityListUI.h; sourceTree = "<group>"; };
		B5150E642BB1C88D0016EF33 /* ActivityListUI.docc */ = {isa = PBXFileReference; lastKnownFileType = folder.documentationcatalog; path = ActivityListUI.docc; sourceTree = "<group>"; };
		B5150E6A2BB1C88D0016EF33 /* ActivityListUITests.xctest */ = {isa = PBXFileReference; explicitFileType = wrapper.cfbundle; includeInIndex = 0; path = ActivityListUITests.xctest; sourceTree = BUILT_PRODUCTS_DIR; };
		B5150E712BB1C88D0016EF33 /* HomeViewControllerTests.swift */ = {isa = PBXFileReference; lastKnownFileType = sourcecode.swift; path = HomeViewControllerTests.swift; sourceTree = "<group>"; };
		B54F74EE2BBEEFC100CE0CC7 /* TaskItemRepositoryProtocol.swift */ = {isa = PBXFileReference; lastKnownFileType = sourcecode.swift; path = TaskItemRepositoryProtocol.swift; sourceTree = "<group>"; };
		B54F74F02BBEF01500CE0CC7 /* TaskItemRepository.swift */ = {isa = PBXFileReference; lastKnownFileType = sourcecode.swift; path = TaskItemRepository.swift; sourceTree = "<group>"; };
		B54F74F22BBFEB7600CE0CC7 /* ErrorProneStore.swift */ = {isa = PBXFileReference; lastKnownFileType = sourcecode.swift; path = ErrorProneStore.swift; sourceTree = "<group>"; };
		B54F74F42BBFFDCF00CE0CC7 /* XCTestCase+ErrorChecking.swift */ = {isa = PBXFileReference; lastKnownFileType = sourcecode.swift; path = "XCTestCase+ErrorChecking.swift"; sourceTree = "<group>"; };
		B54F74FA2BC5635500CE0CC7 /* TasksListInfo_UIImage+Equatable.swift */ = {isa = PBXFileReference; lastKnownFileType = sourcecode.swift; path = "TasksListInfo_UIImage+Equatable.swift"; sourceTree = "<group>"; };
		B54F74FE2BC578FE00CE0CC7 /* IconImageServiceTests.swift */ = {isa = PBXFileReference; lastKnownFileType = sourcecode.swift; path = IconImageServiceTests.swift; sourceTree = "<group>"; };
		B567262C2BB58231007DE166 /* ImageService.swift */ = {isa = PBXFileReference; lastKnownFileType = sourcecode.swift; path = ImageService.swift; sourceTree = "<group>"; };
		B567262E2BB58938007DE166 /* Media.xcassets */ = {isa = PBXFileReference; lastKnownFileType = folder.assetcatalog; path = Media.xcassets; sourceTree = "<group>"; };
		B56726342BB5A9F8007DE166 /* ActivityListDataLayerTests.xctest */ = {isa = PBXFileReference; explicitFileType = wrapper.cfbundle; includeInIndex = 0; path = ActivityListDataLayerTests.xctest; sourceTree = BUILT_PRODUCTS_DIR; };
		B56726362BB5A9F8007DE166 /* TasksListRepositoryTests.swift */ = {isa = PBXFileReference; lastKnownFileType = sourcecode.swift; path = TasksListRepositoryTests.swift; sourceTree = "<group>"; };
		B575945C2BBAA37200BCE59A /* ActivityTypeInner.swift */ = {isa = PBXFileReference; lastKnownFileType = sourcecode.swift; path = ActivityTypeInner.swift; sourceTree = "<group>"; };
		B575945F2BBAA49E00BCE59A /* HomeServiceProtocol.swift */ = {isa = PBXFileReference; lastKnownFileType = sourcecode.swift; path = HomeServiceProtocol.swift; sourceTree = "<group>"; };
		B57594632BBAA77700BCE59A /* HomeServiceTests.swift */ = {isa = PBXFileReference; lastKnownFileType = sourcecode.swift; path = HomeServiceTests.swift; sourceTree = "<group>"; };
		B57594692BBAE4F500BCE59A /* SharedTestHelper.swift */ = {isa = PBXFileReference; lastKnownFileType = sourcecode.swift; path = SharedTestHelper.swift; sourceTree = "<group>"; };
		B575946C2BBAE6AD00BCE59A /* HomeService.swift */ = {isa = PBXFileReference; lastKnownFileType = sourcecode.swift; path = HomeService.swift; sourceTree = "<group>"; };
		B575946E2BBAF27B00BCE59A /* TasksListInfo+Equatable.swift */ = {isa = PBXFileReference; lastKnownFileType = sourcecode.swift; path = "TasksListInfo+Equatable.swift"; sourceTree = "<group>"; };
		B57594722BBBE71800BCE59A /* RunLoop+TestHelpers.swift */ = {isa = PBXFileReference; lastKnownFileType = sourcecode.swift; path = "RunLoop+TestHelpers.swift"; sourceTree = "<group>"; };
		B57594752BBBF35900BCE59A /* CompletionHolder.swift */ = {isa = PBXFileReference; lastKnownFileType = sourcecode.swift; path = CompletionHolder.swift; sourceTree = "<group>"; };
		B575947D2BBBFF5200BCE59A /* ActivityListDomainTests.xctest */ = {isa = PBXFileReference; explicitFileType = wrapper.cfbundle; includeInIndex = 0; path = ActivityListDomainTests.xctest; sourceTree = BUILT_PRODUCTS_DIR; };
		B57594912BBC0BE400BCE59A /* TaskItemsRepositoryTests.swift */ = {isa = PBXFileReference; lastKnownFileType = sourcecode.swift; path = TaskItemsRepositoryTests.swift; sourceTree = "<group>"; };
		B57594952BBC0CE100BCE59A /* XCTestCase+CoreDataHelpers.swift */ = {isa = PBXFileReference; lastKnownFileType = sourcecode.swift; path = "XCTestCase+CoreDataHelpers.swift"; sourceTree = "<group>"; };
		B5B399CD2BB2A9F60084726F /* ActivityListDataLayer.framework */ = {isa = PBXFileReference; explicitFileType = wrapper.framework; includeInIndex = 0; path = ActivityListDataLayer.framework; sourceTree = BUILT_PRODUCTS_DIR; };
		B5B399CF2BB2A9F60084726F /* ActivityListDataLayer.h */ = {isa = PBXFileReference; lastKnownFileType = sourcecode.c.h; path = ActivityListDataLayer.h; sourceTree = "<group>"; };
		B5B399D02BB2A9F60084726F /* ActivityListDataLayer.docc */ = {isa = PBXFileReference; lastKnownFileType = folder.documentationcatalog; path = ActivityListDataLayer.docc; sourceTree = "<group>"; };
		B5B399EC2BB2AA350084726F /* ActivityList.xcdatamodel */ = {isa = PBXFileReference; lastKnownFileType = wrapper.xcdatamodel; path = ActivityList.xcdatamodel; sourceTree = "<group>"; };
		B5B39A0B2BB2ADC90084726F /* TasksListRepository.swift */ = {isa = PBXFileReference; lastKnownFileType = sourcecode.swift; path = TasksListRepository.swift; sourceTree = "<group>"; };
		B5B39A0E2BB2B10E0084726F /* HomeViewController.swift */ = {isa = PBXFileReference; lastKnownFileType = sourcecode.swift; path = HomeViewController.swift; sourceTree = "<group>"; };
		B5B39A122BB2BDC60084726F /* HomeViewController.xib */ = {isa = PBXFileReference; lastKnownFileType = file.xib; path = HomeViewController.xib; sourceTree = "<group>"; };
		B5B39A152BB2C4360084726F /* CompositionRoot.swift */ = {isa = PBXFileReference; lastKnownFileType = sourcecode.swift; path = CompositionRoot.swift; sourceTree = "<group>"; };
		B5B39A172BB4234E0084726F /* HomeView.swift */ = {isa = PBXFileReference; lastKnownFileType = sourcecode.swift; path = HomeView.swift; sourceTree = "<group>"; };
		B5B39A1A2BB451170084726F /* ActivityListUI.xctestplan */ = {isa = PBXFileReference; lastKnownFileType = text; path = ActivityListUI.xctestplan; sourceTree = "<group>"; };
		B5B39A1B2BB550FE0084726F /* TasksListModel.swift */ = {isa = PBXFileReference; lastKnownFileType = sourcecode.swift; path = TasksListModel.swift; sourceTree = "<group>"; };
		B5B39A1E2BB552910084726F /* HomeViewTests.swift */ = {isa = PBXFileReference; lastKnownFileType = sourcecode.swift; path = HomeViewTests.swift; sourceTree = "<group>"; };
		B5B39A202BB553440084726F /* XCTestCase+MemoryLeak.swift */ = {isa = PBXFileReference; lastKnownFileType = sourcecode.swift; path = "XCTestCase+MemoryLeak.swift"; sourceTree = "<group>"; };
		B5B39A262BB565FD0084726F /* XCTestCase+TasksListCreation.swift */ = {isa = PBXFileReference; lastKnownFileType = sourcecode.swift; path = "XCTestCase+TasksListCreation.swift"; sourceTree = "<group>"; };
		B5B39A282BB575340084726F /* ActivityList.xctestplan */ = {isa = PBXFileReference; lastKnownFileType = text; path = ActivityList.xctestplan; sourceTree = "<group>"; };
		B5B7E1FE2BD95E42008DE1FC /* ItemsListViewTests.swift */ = {isa = PBXFileReference; lastKnownFileType = sourcecode.swift; path = ItemsListViewTests.swift; sourceTree = "<group>"; };
		B5B7E2042BD96011008DE1FC /* ActivityListTests.xctest */ = {isa = PBXFileReference; explicitFileType = wrapper.cfbundle; includeInIndex = 0; path = ActivityListTests.xctest; sourceTree = BUILT_PRODUCTS_DIR; };
		B5B7E2062BD96011008DE1FC /* HomeViewControllerTests.swift */ = {isa = PBXFileReference; lastKnownFileType = sourcecode.swift; path = HomeViewControllerTests.swift; sourceTree = "<group>"; };
		B5B7E2132BDA54FA008DE1FC /* HomeView+DataSource.swift */ = {isa = PBXFileReference; lastKnownFileType = sourcecode.swift; path = "HomeView+DataSource.swift"; sourceTree = "<group>"; };
		B5B7E2182BDA5F5A008DE1FC /* ItemData.swift */ = {isa = PBXFileReference; lastKnownFileType = sourcecode.swift; path = ItemData.swift; sourceTree = "<group>"; };
		B5B7E21A2BDA6025008DE1FC /* ItemTableCellView.swift */ = {isa = PBXFileReference; lastKnownFileType = sourcecode.swift; path = ItemTableCellView.swift; sourceTree = "<group>"; };
		B5B7E21C2BDA60A4008DE1FC /* ItemsView.swift */ = {isa = PBXFileReference; lastKnownFileType = sourcecode.swift; path = ItemsView.swift; sourceTree = "<group>"; };
		B5B7E21E2BDA610C008DE1FC /* ItemsViewControllerTests.swift */ = {isa = PBXFileReference; lastKnownFileType = sourcecode.swift; path = ItemsViewControllerTests.swift; sourceTree = "<group>"; };
		B5B7E2202BDA62E5008DE1FC /* XCTestCase+ItemDataCreation.swift */ = {isa = PBXFileReference; lastKnownFileType = sourcecode.swift; path = "XCTestCase+ItemDataCreation.swift"; sourceTree = "<group>"; };
		B5B7E2232BDA64A7008DE1FC /* ItemsViewController.xib */ = {isa = PBXFileReference; lastKnownFileType = file.xib; path = ItemsViewController.xib; sourceTree = "<group>"; };
		B5B7E2252BDA86C0008DE1FC /* ItemsViewController.swift */ = {isa = PBXFileReference; lastKnownFileType = sourcecode.swift; path = ItemsViewController.swift; sourceTree = "<group>"; };
		B5B7E22A2BDA90B9008DE1FC /* HomeServiceToItemsServiceAdapter.swift */ = {isa = PBXFileReference; lastKnownFileType = sourcecode.swift; path = HomeServiceToItemsServiceAdapter.swift; sourceTree = "<group>"; };
/* End PBXFileReference section */

/* Begin PBXFrameworksBuildPhase section */
		B5150D582BB1ABA60016EF33 /* Frameworks */ = {
			isa = PBXFrameworksBuildPhase;
			buildActionMask = 2147483647;
			files = (
				B5150E762BB1C88D0016EF33 /* ActivityListUI.framework in Frameworks */,
				B5B399E22BB2A9F80084726F /* ActivityListDataLayer.framework in Frameworks */,
				B5150E3A2BB1BACA0016EF33 /* ActivityListDomain.framework in Frameworks */,
			);
			runOnlyForDeploymentPostprocessing = 0;
		};
		B5150E222BB1BACA0016EF33 /* Frameworks */ = {
			isa = PBXFrameworksBuildPhase;
			buildActionMask = 2147483647;
			files = (
			);
			runOnlyForDeploymentPostprocessing = 0;
		};
		B5150E5E2BB1C88C0016EF33 /* Frameworks */ = {
			isa = PBXFrameworksBuildPhase;
			buildActionMask = 2147483647;
			files = (
				B5B39A192BB44FB90084726F /* ActivityListDomain.framework in Frameworks */,
			);
			runOnlyForDeploymentPostprocessing = 0;
		};
		B5150E672BB1C88D0016EF33 /* Frameworks */ = {
			isa = PBXFrameworksBuildPhase;
			buildActionMask = 2147483647;
			files = (
				B5150E6B2BB1C88D0016EF33 /* ActivityListUI.framework in Frameworks */,
			);
			runOnlyForDeploymentPostprocessing = 0;
		};
		B56726312BB5A9F8007DE166 /* Frameworks */ = {
			isa = PBXFrameworksBuildPhase;
			buildActionMask = 2147483647;
			files = (
				B56726382BB5A9F8007DE166 /* ActivityListDataLayer.framework in Frameworks */,
			);
			runOnlyForDeploymentPostprocessing = 0;
		};
		B575947A2BBBFF5200BCE59A /* Frameworks */ = {
			isa = PBXFrameworksBuildPhase;
			buildActionMask = 2147483647;
			files = (
				B57594812BBBFF5200BCE59A /* ActivityListDomain.framework in Frameworks */,
			);
			runOnlyForDeploymentPostprocessing = 0;
		};
		B5B399CA2BB2A9F60084726F /* Frameworks */ = {
			isa = PBXFrameworksBuildPhase;
			buildActionMask = 2147483647;
			files = (
				B56726272BB57AC0007DE166 /* ActivityListDomain.framework in Frameworks */,
			);
			runOnlyForDeploymentPostprocessing = 0;
		};
		B5B7E2012BD96011008DE1FC /* Frameworks */ = {
			isa = PBXFrameworksBuildPhase;
			buildActionMask = 2147483647;
			files = (
			);
			runOnlyForDeploymentPostprocessing = 0;
		};
/* End PBXFrameworksBuildPhase section */

/* Begin PBXGroup section */
		B5150D522BB1ABA60016EF33 = {
			isa = PBXGroup;
			children = (
				B57594672BBAAF3200BCE59A /* TestsHelpers */,
				B5B39A282BB575340084726F /* ActivityList.xctestplan */,
				B5B39A1A2BB451170084726F /* ActivityListUI.xctestplan */,
				B5150D5D2BB1ABA60016EF33 /* ActivityList */,
				B5B7E2052BD96011008DE1FC /* ActivityListTests */,
				B5150E262BB1BACA0016EF33 /* ActivityListDomain */,
				B5150E622BB1C88C0016EF33 /* ActivityListUI */,
				B5150E702BB1C88D0016EF33 /* ActivityListUITests */,
				B5B399CE2BB2A9F60084726F /* ActivityListDataLayer */,
				B56726352BB5A9F8007DE166 /* ActivityListDataLayerTests */,
				B575947E2BBBFF5200BCE59A /* ActivityListDomainTests */,
				B5150D5C2BB1ABA60016EF33 /* Products */,
				B5B39A072BB2AD7C0084726F /* Frameworks */,
			);
			sourceTree = "<group>";
		};
		B5150D5C2BB1ABA60016EF33 /* Products */ = {
			isa = PBXGroup;
			children = (
				B5150D5B2BB1ABA60016EF33 /* ActivityList.app */,
				B5150E252BB1BACA0016EF33 /* ActivityListDomain.framework */,
				B5150E612BB1C88C0016EF33 /* ActivityListUI.framework */,
				B5150E6A2BB1C88D0016EF33 /* ActivityListUITests.xctest */,
				B5B399CD2BB2A9F60084726F /* ActivityListDataLayer.framework */,
				B56726342BB5A9F8007DE166 /* ActivityListDataLayerTests.xctest */,
				B575947D2BBBFF5200BCE59A /* ActivityListDomainTests.xctest */,
				B5B7E2042BD96011008DE1FC /* ActivityListTests.xctest */,
			);
			name = Products;
			sourceTree = "<group>";
		};
		B5150D5D2BB1ABA60016EF33 /* ActivityList */ = {
			isa = PBXGroup;
			children = (
				B5B39A142BB2C41E0084726F /* Composition */,
				B5150D5E2BB1ABA60016EF33 /* AppDelegate.swift */,
				B5150D602BB1ABA60016EF33 /* SceneDelegate.swift */,
				B5150D672BB1ABA80016EF33 /* Assets.xcassets */,
				B5150D692BB1ABA80016EF33 /* LaunchScreen.storyboard */,
				B5150D6C2BB1ABA80016EF33 /* Info.plist */,
			);
			path = ActivityList;
			sourceTree = "<group>";
		};
		B5150E262BB1BACA0016EF33 /* ActivityListDomain */ = {
			isa = PBXGroup;
			children = (
				B575945E2BBAA49300BCE59A /* Services */,
				B5150E452BB1BB8C0016EF33 /* Repositories */,
				B5150E422BB1BAD80016EF33 /* Tasks */,
				B5150E272BB1BACA0016EF33 /* ActivityListDomain.h */,
				B5150E282BB1BACA0016EF33 /* ActivityListDomain.docc */,
			);
			path = ActivityListDomain;
			sourceTree = "<group>";
		};
		B5150E422BB1BAD80016EF33 /* Tasks */ = {
			isa = PBXGroup;
			children = (
				B5150E432BB1BB1F0016EF33 /* TaskModel.swift */,
				B5B39A1B2BB550FE0084726F /* TasksListModel.swift */,
			);
			path = Tasks;
			sourceTree = "<group>";
		};
		B5150E452BB1BB8C0016EF33 /* Repositories */ = {
			isa = PBXGroup;
			children = (
				B5150E462BB1BBAC0016EF33 /* TasksListRepositoryProtocol.swift */,
				B54F74EE2BBEEFC100CE0CC7 /* TaskItemRepositoryProtocol.swift */,
			);
			path = Repositories;
			sourceTree = "<group>";
		};
		B5150E622BB1C88C0016EF33 /* ActivityListUI */ = {
			isa = PBXGroup;
			children = (
				B5B7E1FC2BD95DFD008DE1FC /* ItemsLists */,
				B5B39A0D2BB2B0FE0084726F /* Home */,
				B5150E632BB1C88C0016EF33 /* ActivityListUI.h */,
				B5150E642BB1C88D0016EF33 /* ActivityListUI.docc */,
				B567262E2BB58938007DE166 /* Media.xcassets */,
			);
			path = ActivityListUI;
			sourceTree = "<group>";
		};
		B5150E702BB1C88D0016EF33 /* ActivityListUITests */ = {
			isa = PBXGroup;
			children = (
				B5B7E1FD2BD95E23008DE1FC /* Items */,
				B54F74FD2BC578E400CE0CC7 /* Services */,
				B5B39A1D2BB551580084726F /* Home */,
			);
			path = ActivityListUITests;
			sourceTree = "<group>";
		};
		B54F74FD2BC578E400CE0CC7 /* Services */ = {
			isa = PBXGroup;
			children = (
				B54F74FE2BC578FE00CE0CC7 /* IconImageServiceTests.swift */,
			);
			path = Services;
			sourceTree = "<group>";
		};
		B56726352BB5A9F8007DE166 /* ActivityListDataLayerTests */ = {
			isa = PBXGroup;
			children = (
				B57594942BBC0CC700BCE59A /* Helpers */,
				B57594622BBAA71400BCE59A /* Repositories */,
			);
			path = ActivityListDataLayerTests;
			sourceTree = "<group>";
		};
		B575945E2BBAA49300BCE59A /* Services */ = {
			isa = PBXGroup;
			children = (
				B575945F2BBAA49E00BCE59A /* HomeServiceProtocol.swift */,
				B575946C2BBAE6AD00BCE59A /* HomeService.swift */,
			);
			path = Services;
			sourceTree = "<group>";
		};
		B57594622BBAA71400BCE59A /* Repositories */ = {
			isa = PBXGroup;
			children = (
				B57594912BBC0BE400BCE59A /* TaskItemsRepositoryTests.swift */,
				B56726362BB5A9F8007DE166 /* TasksListRepositoryTests.swift */,
			);
			path = Repositories;
			sourceTree = "<group>";
		};
		B57594672BBAAF3200BCE59A /* TestsHelpers */ = {
			isa = PBXGroup;
			children = (
				B5B39A202BB553440084726F /* XCTestCase+MemoryLeak.swift */,
				B5B39A262BB565FD0084726F /* XCTestCase+TasksListCreation.swift */,
				B57594692BBAE4F500BCE59A /* SharedTestHelper.swift */,
				B575946E2BBAF27B00BCE59A /* TasksListInfo+Equatable.swift */,
				B57594722BBBE71800BCE59A /* RunLoop+TestHelpers.swift */,
				B57594752BBBF35900BCE59A /* CompletionHolder.swift */,
				B54F74F42BBFFDCF00CE0CC7 /* XCTestCase+ErrorChecking.swift */,
				B5B7E2132BDA54FA008DE1FC /* HomeView+DataSource.swift */,
				B5B7E2202BDA62E5008DE1FC /* XCTestCase+ItemDataCreation.swift */,
			);
			path = TestsHelpers;
			sourceTree = "<group>";
		};
		B575947E2BBBFF5200BCE59A /* ActivityListDomainTests */ = {
			isa = PBXGroup;
			children = (
				B57594872BBBFF6300BCE59A /* Services */,
			);
			path = ActivityListDomainTests;
			sourceTree = "<group>";
		};
		B57594872BBBFF6300BCE59A /* Services */ = {
			isa = PBXGroup;
			children = (
				B57594632BBAA77700BCE59A /* HomeServiceTests.swift */,
			);
			path = Services;
			sourceTree = "<group>";
		};
		B57594942BBC0CC700BCE59A /* Helpers */ = {
			isa = PBXGroup;
			children = (
				B57594952BBC0CE100BCE59A /* XCTestCase+CoreDataHelpers.swift */,
				B54F74F22BBFEB7600CE0CC7 /* ErrorProneStore.swift */,
			);
			path = Helpers;
			sourceTree = "<group>";
		};
		B5B399CE2BB2A9F60084726F /* ActivityListDataLayer */ = {
			isa = PBXGroup;
			children = (
				B5B39A092BB2AD8A0084726F /* Repository */,
				B5B399EA2BB2AA230084726F /* Model */,
				B5B399CF2BB2A9F60084726F /* ActivityListDataLayer.h */,
				B5B399D02BB2A9F60084726F /* ActivityListDataLayer.docc */,
			);
			path = ActivityListDataLayer;
			sourceTree = "<group>";
		};
		B5B399EA2BB2AA230084726F /* Model */ = {
			isa = PBXGroup;
			children = (
				B5B399EB2BB2AA350084726F /* ActivityList.xcdatamodeld */,
			);
			path = Model;
			sourceTree = "<group>";
		};
		B5B39A072BB2AD7C0084726F /* Frameworks */ = {
			isa = PBXGroup;
			children = (
			);
			name = Frameworks;
			sourceTree = "<group>";
		};
		B5B39A092BB2AD8A0084726F /* Repository */ = {
			isa = PBXGroup;
			children = (
				B5B39A0B2BB2ADC90084726F /* TasksListRepository.swift */,
				B575945C2BBAA37200BCE59A /* ActivityTypeInner.swift */,
				B54F74F02BBEF01500CE0CC7 /* TaskItemRepository.swift */,
			);
			path = Repository;
			sourceTree = "<group>";
		};
		B5B39A0D2BB2B0FE0084726F /* Home */ = {
			isa = PBXGroup;
			children = (
				B5B39A0E2BB2B10E0084726F /* HomeViewController.swift */,
				B5B39A122BB2BDC60084726F /* HomeViewController.xib */,
				B5B39A172BB4234E0084726F /* HomeView.swift */,
				B567262C2BB58231007DE166 /* ImageService.swift */,
			);
			path = Home;
			sourceTree = "<group>";
		};
		B5B39A142BB2C41E0084726F /* Composition */ = {
			isa = PBXGroup;
			children = (
				B5B7E2292BDA9092008DE1FC /* Adapters */,
				B5B39A152BB2C4360084726F /* CompositionRoot.swift */,
			);
			path = Composition;
			sourceTree = "<group>";
		};
		B5B39A1D2BB551580084726F /* Home */ = {
			isa = PBXGroup;
			children = (
				B5150E712BB1C88D0016EF33 /* HomeViewControllerTests.swift */,
				B5B39A1E2BB552910084726F /* HomeViewTests.swift */,
				B54F74FA2BC5635500CE0CC7 /* TasksListInfo_UIImage+Equatable.swift */,
			);
			path = Home;
			sourceTree = "<group>";
		};
		B5B7E1FC2BD95DFD008DE1FC /* ItemsLists */ = {
			isa = PBXGroup;
			children = (
				B5B7E2232BDA64A7008DE1FC /* ItemsViewController.xib */,
				B5B7E2252BDA86C0008DE1FC /* ItemsViewController.swift */,
				B5B7E2182BDA5F5A008DE1FC /* ItemData.swift */,
				B5B7E21A2BDA6025008DE1FC /* ItemTableCellView.swift */,
				B5B7E21C2BDA60A4008DE1FC /* ItemsView.swift */,
			);
			path = ItemsLists;
			sourceTree = "<group>";
		};
		B5B7E1FD2BD95E23008DE1FC /* Items */ = {
			isa = PBXGroup;
			children = (
				B5B7E1FE2BD95E42008DE1FC /* ItemsListViewTests.swift */,
				B5B7E21E2BDA610C008DE1FC /* ItemsViewControllerTests.swift */,
			);
			path = Items;
			sourceTree = "<group>";
		};
		B5B7E2052BD96011008DE1FC /* ActivityListTests */ = {
			isa = PBXGroup;
			children = (
				B5B7E2062BD96011008DE1FC /* HomeViewControllerTests.swift */,
			);
			path = ActivityListTests;
			sourceTree = "<group>";
		};
		B5B7E2292BDA9092008DE1FC /* Adapters */ = {
			isa = PBXGroup;
			children = (
				B5B7E22A2BDA90B9008DE1FC /* HomeServiceToItemsServiceAdapter.swift */,
			);
			path = Adapters;
			sourceTree = "<group>";
		};
/* End PBXGroup section */

/* Begin PBXHeadersBuildPhase section */
		B5150E202BB1BACA0016EF33 /* Headers */ = {
			isa = PBXHeadersBuildPhase;
			buildActionMask = 2147483647;
			files = (
				B5150E372BB1BACA0016EF33 /* ActivityListDomain.h in Headers */,
			);
			runOnlyForDeploymentPostprocessing = 0;
		};
		B5150E5C2BB1C88C0016EF33 /* Headers */ = {
			isa = PBXHeadersBuildPhase;
			buildActionMask = 2147483647;
			files = (
				B5150E732BB1C88D0016EF33 /* ActivityListUI.h in Headers */,
			);
			runOnlyForDeploymentPostprocessing = 0;
		};
		B5B399C82BB2A9F60084726F /* Headers */ = {
			isa = PBXHeadersBuildPhase;
			buildActionMask = 2147483647;
			files = (
			);
			runOnlyForDeploymentPostprocessing = 0;
		};
/* End PBXHeadersBuildPhase section */

/* Begin PBXNativeTarget section */
		B5150D5A2BB1ABA60016EF33 /* ActivityList */ = {
			isa = PBXNativeTarget;
			buildConfigurationList = B5150D852BB1ABA90016EF33 /* Build configuration list for PBXNativeTarget "ActivityList" */;
			buildPhases = (
				B5150D572BB1ABA60016EF33 /* Sources */,
				B5150D582BB1ABA60016EF33 /* Frameworks */,
				B5150D592BB1ABA60016EF33 /* Resources */,
				B5150DAD2BB1ACF30016EF33 /* Embed Frameworks */,
			);
			buildRules = (
			);
			dependencies = (
				B5150E392BB1BACA0016EF33 /* PBXTargetDependency */,
				B5150E752BB1C88D0016EF33 /* PBXTargetDependency */,
				B5B399E12BB2A9F80084726F /* PBXTargetDependency */,
			);
			name = ActivityList;
			productName = ActivityList;
			productReference = B5150D5B2BB1ABA60016EF33 /* ActivityList.app */;
			productType = "com.apple.product-type.application";
		};
		B5150E242BB1BACA0016EF33 /* ActivityListDomain */ = {
			isa = PBXNativeTarget;
			buildConfigurationList = B5150E3C2BB1BACA0016EF33 /* Build configuration list for PBXNativeTarget "ActivityListDomain" */;
			buildPhases = (
				B5150E202BB1BACA0016EF33 /* Headers */,
				B5150E212BB1BACA0016EF33 /* Sources */,
				B5150E222BB1BACA0016EF33 /* Frameworks */,
				B5150E232BB1BACA0016EF33 /* Resources */,
			);
			buildRules = (
			);
			dependencies = (
			);
			name = ActivityListDomain;
			productName = ActivityListDomain;
			productReference = B5150E252BB1BACA0016EF33 /* ActivityListDomain.framework */;
			productType = "com.apple.product-type.framework";
		};
		B5150E602BB1C88C0016EF33 /* ActivityListUI */ = {
			isa = PBXNativeTarget;
			buildConfigurationList = B5150E782BB1C88D0016EF33 /* Build configuration list for PBXNativeTarget "ActivityListUI" */;
			buildPhases = (
				B5150E5C2BB1C88C0016EF33 /* Headers */,
				B5150E5D2BB1C88C0016EF33 /* Sources */,
				B5150E5E2BB1C88C0016EF33 /* Frameworks */,
				B5150E5F2BB1C88C0016EF33 /* Resources */,
			);
			buildRules = (
			);
			dependencies = (
			);
			name = ActivityListUI;
			productName = ActivityListUI;
			productReference = B5150E612BB1C88C0016EF33 /* ActivityListUI.framework */;
			productType = "com.apple.product-type.framework";
		};
		B5150E692BB1C88D0016EF33 /* ActivityListUITests */ = {
			isa = PBXNativeTarget;
			buildConfigurationList = B5150E7B2BB1C88D0016EF33 /* Build configuration list for PBXNativeTarget "ActivityListUITests" */;
			buildPhases = (
				B5150E662BB1C88D0016EF33 /* Sources */,
				B5150E672BB1C88D0016EF33 /* Frameworks */,
				B5150E682BB1C88D0016EF33 /* Resources */,
			);
			buildRules = (
			);
			dependencies = (
				B5150E6D2BB1C88D0016EF33 /* PBXTargetDependency */,
				B5150E6F2BB1C88D0016EF33 /* PBXTargetDependency */,
			);
			name = ActivityListUITests;
			productName = ActivityListUITests;
			productReference = B5150E6A2BB1C88D0016EF33 /* ActivityListUITests.xctest */;
			productType = "com.apple.product-type.bundle.unit-test";
		};
		B56726332BB5A9F8007DE166 /* ActivityListDataLayerTests */ = {
			isa = PBXNativeTarget;
			buildConfigurationList = B567263D2BB5A9F8007DE166 /* Build configuration list for PBXNativeTarget "ActivityListDataLayerTests" */;
			buildPhases = (
				B56726302BB5A9F8007DE166 /* Sources */,
				B56726312BB5A9F8007DE166 /* Frameworks */,
				B56726322BB5A9F8007DE166 /* Resources */,
			);
			buildRules = (
			);
			dependencies = (
				B567263A2BB5A9F8007DE166 /* PBXTargetDependency */,
			);
			name = ActivityListDataLayerTests;
			productName = ActivityListDataLayerTests;
			productReference = B56726342BB5A9F8007DE166 /* ActivityListDataLayerTests.xctest */;
			productType = "com.apple.product-type.bundle.unit-test";
		};
		B575947C2BBBFF5200BCE59A /* ActivityListDomainTests */ = {
			isa = PBXNativeTarget;
			buildConfigurationList = B57594842BBBFF5200BCE59A /* Build configuration list for PBXNativeTarget "ActivityListDomainTests" */;
			buildPhases = (
				B57594792BBBFF5200BCE59A /* Sources */,
				B575947A2BBBFF5200BCE59A /* Frameworks */,
				B575947B2BBBFF5200BCE59A /* Resources */,
			);
			buildRules = (
			);
			dependencies = (
				B57594832BBBFF5200BCE59A /* PBXTargetDependency */,
			);
			name = ActivityListDomainTests;
			productName = ActivityListDomainTests;
			productReference = B575947D2BBBFF5200BCE59A /* ActivityListDomainTests.xctest */;
			productType = "com.apple.product-type.bundle.unit-test";
		};
		B5B399CC2BB2A9F60084726F /* ActivityListDataLayer */ = {
			isa = PBXNativeTarget;
			buildConfigurationList = B5B399E42BB2A9F90084726F /* Build configuration list for PBXNativeTarget "ActivityListDataLayer" */;
			buildPhases = (
				B5B399C82BB2A9F60084726F /* Headers */,
				B5B399C92BB2A9F60084726F /* Sources */,
				B5B399CA2BB2A9F60084726F /* Frameworks */,
				B5B399CB2BB2A9F60084726F /* Resources */,
				B567262B2BB57AC0007DE166 /* Embed Frameworks */,
			);
			buildRules = (
			);
			dependencies = (
				B567262A2BB57AC0007DE166 /* PBXTargetDependency */,
			);
			name = ActivityListDataLayer;
			productName = ActivityListDataLayer;
			productReference = B5B399CD2BB2A9F60084726F /* ActivityListDataLayer.framework */;
			productType = "com.apple.product-type.framework";
		};
		B5B7E2032BD96011008DE1FC /* ActivityListTests */ = {
			isa = PBXNativeTarget;
			buildConfigurationList = B5B7E20A2BD96011008DE1FC /* Build configuration list for PBXNativeTarget "ActivityListTests" */;
			buildPhases = (
				B5B7E2002BD96011008DE1FC /* Sources */,
				B5B7E2012BD96011008DE1FC /* Frameworks */,
				B5B7E2022BD96011008DE1FC /* Resources */,
			);
			buildRules = (
			);
			dependencies = (
				B5B7E2092BD96011008DE1FC /* PBXTargetDependency */,
			);
			name = ActivityListTests;
			productName = ActivityListTests;
			productReference = B5B7E2042BD96011008DE1FC /* ActivityListTests.xctest */;
			productType = "com.apple.product-type.bundle.unit-test";
		};
/* End PBXNativeTarget section */

/* Begin PBXProject section */
		B5150D532BB1ABA60016EF33 /* Project object */ = {
			isa = PBXProject;
			attributes = {
				BuildIndependentTargetsInParallel = 1;
				LastSwiftUpdateCheck = 1520;
				LastUpgradeCheck = 1520;
				TargetAttributes = {
					B5150D5A2BB1ABA60016EF33 = {
						CreatedOnToolsVersion = 15.2;
					};
					B5150E242BB1BACA0016EF33 = {
						CreatedOnToolsVersion = 15.2;
					};
					B5150E602BB1C88C0016EF33 = {
						CreatedOnToolsVersion = 15.2;
					};
					B5150E692BB1C88D0016EF33 = {
						CreatedOnToolsVersion = 15.2;
					};
					B56726332BB5A9F8007DE166 = {
						CreatedOnToolsVersion = 15.2;
					};
					B575947C2BBBFF5200BCE59A = {
						CreatedOnToolsVersion = 15.2;
					};
					B5B399CC2BB2A9F60084726F = {
						CreatedOnToolsVersion = 15.2;
					};
					B5B7E2032BD96011008DE1FC = {
						CreatedOnToolsVersion = 15.2;
						TestTargetID = B5150D5A2BB1ABA60016EF33;
					};
				};
			};
			buildConfigurationList = B5150D562BB1ABA60016EF33 /* Build configuration list for PBXProject "ActivityList" */;
			compatibilityVersion = "Xcode 14.0";
			developmentRegion = en;
			hasScannedForEncodings = 0;
			knownRegions = (
				en,
				Base,
			);
			mainGroup = B5150D522BB1ABA60016EF33;
			productRefGroup = B5150D5C2BB1ABA60016EF33 /* Products */;
			projectDirPath = "";
			projectRoot = "";
			targets = (
				B5150D5A2BB1ABA60016EF33 /* ActivityList */,
				B5150E242BB1BACA0016EF33 /* ActivityListDomain */,
				B575947C2BBBFF5200BCE59A /* ActivityListDomainTests */,
				B5150E602BB1C88C0016EF33 /* ActivityListUI */,
				B5150E692BB1C88D0016EF33 /* ActivityListUITests */,
				B5B399CC2BB2A9F60084726F /* ActivityListDataLayer */,
				B56726332BB5A9F8007DE166 /* ActivityListDataLayerTests */,
				B5B7E2032BD96011008DE1FC /* ActivityListTests */,
			);
		};
/* End PBXProject section */

/* Begin PBXResourcesBuildPhase section */
		B5150D592BB1ABA60016EF33 /* Resources */ = {
			isa = PBXResourcesBuildPhase;
			buildActionMask = 2147483647;
			files = (
				B5150D6B2BB1ABA80016EF33 /* LaunchScreen.storyboard in Resources */,
				B5150D682BB1ABA80016EF33 /* Assets.xcassets in Resources */,
			);
			runOnlyForDeploymentPostprocessing = 0;
		};
		B5150E232BB1BACA0016EF33 /* Resources */ = {
			isa = PBXResourcesBuildPhase;
			buildActionMask = 2147483647;
			files = (
			);
			runOnlyForDeploymentPostprocessing = 0;
		};
		B5150E5F2BB1C88C0016EF33 /* Resources */ = {
			isa = PBXResourcesBuildPhase;
			buildActionMask = 2147483647;
			files = (
				B567262F2BB58938007DE166 /* Media.xcassets in Resources */,
				B5B7E2282BDA8713008DE1FC /* ItemsViewController.xib in Resources */,
				B5B39A132BB2BDC60084726F /* HomeViewController.xib in Resources */,
			);
			runOnlyForDeploymentPostprocessing = 0;
		};
		B5150E682BB1C88D0016EF33 /* Resources */ = {
			isa = PBXResourcesBuildPhase;
			buildActionMask = 2147483647;
			files = (
			);
			runOnlyForDeploymentPostprocessing = 0;
		};
		B56726322BB5A9F8007DE166 /* Resources */ = {
			isa = PBXResourcesBuildPhase;
			buildActionMask = 2147483647;
			files = (
			);
			runOnlyForDeploymentPostprocessing = 0;
		};
		B575947B2BBBFF5200BCE59A /* Resources */ = {
			isa = PBXResourcesBuildPhase;
			buildActionMask = 2147483647;
			files = (
			);
			runOnlyForDeploymentPostprocessing = 0;
		};
		B5B399CB2BB2A9F60084726F /* Resources */ = {
			isa = PBXResourcesBuildPhase;
			buildActionMask = 2147483647;
			files = (
			);
			runOnlyForDeploymentPostprocessing = 0;
		};
		B5B7E2022BD96011008DE1FC /* Resources */ = {
			isa = PBXResourcesBuildPhase;
			buildActionMask = 2147483647;
			files = (
			);
			runOnlyForDeploymentPostprocessing = 0;
		};
/* End PBXResourcesBuildPhase section */

/* Begin PBXSourcesBuildPhase section */
		B5150D572BB1ABA60016EF33 /* Sources */ = {
			isa = PBXSourcesBuildPhase;
			buildActionMask = 2147483647;
			files = (
				B5150D5F2BB1ABA60016EF33 /* AppDelegate.swift in Sources */,
				B5B39A162BB2C4360084726F /* CompositionRoot.swift in Sources */,
				B5B7E22B2BDA90B9008DE1FC /* HomeServiceToItemsServiceAdapter.swift in Sources */,
				B5150D612BB1ABA60016EF33 /* SceneDelegate.swift in Sources */,
			);
			runOnlyForDeploymentPostprocessing = 0;
		};
		B5150E212BB1BACA0016EF33 /* Sources */ = {
			isa = PBXSourcesBuildPhase;
			buildActionMask = 2147483647;
			files = (
				B575946D2BBAE6AD00BCE59A /* HomeService.swift in Sources */,
				B5150E442BB1BB1F0016EF33 /* TaskModel.swift in Sources */,
				B54F74EF2BBEEFC100CE0CC7 /* TaskItemRepositoryProtocol.swift in Sources */,
				B5150E292BB1BACA0016EF33 /* ActivityListDomain.docc in Sources */,
				B5B39A1C2BB550FE0084726F /* TasksListModel.swift in Sources */,
				B5150E472BB1BBAC0016EF33 /* TasksListRepositoryProtocol.swift in Sources */,
				B57594602BBAA49E00BCE59A /* HomeServiceProtocol.swift in Sources */,
			);
			runOnlyForDeploymentPostprocessing = 0;
		};
		B5150E5D2BB1C88C0016EF33 /* Sources */ = {
			isa = PBXSourcesBuildPhase;
			buildActionMask = 2147483647;
			files = (
				B5B39A182BB4234E0084726F /* HomeView.swift in Sources */,
				B567262D2BB58231007DE166 /* ImageService.swift in Sources */,
				B5B7E21D2BDA60A4008DE1FC /* ItemsView.swift in Sources */,
				B5150E652BB1C88D0016EF33 /* ActivityListUI.docc in Sources */,
				B5B7E21B2BDA6025008DE1FC /* ItemTableCellView.swift in Sources */,
				B5B7E2272BDA870D008DE1FC /* ItemsViewController.swift in Sources */,
				B5B39A0F2BB2B10E0084726F /* HomeViewController.swift in Sources */,
				B5B7E2192BDA5F5A008DE1FC /* ItemData.swift in Sources */,
			);
			runOnlyForDeploymentPostprocessing = 0;
		};
		B5150E662BB1C88D0016EF33 /* Sources */ = {
			isa = PBXSourcesBuildPhase;
			buildActionMask = 2147483647;
			files = (
				B57594732BBBE71800BCE59A /* RunLoop+TestHelpers.swift in Sources */,
				B5B7E2222BDA6310008DE1FC /* XCTestCase+ItemDataCreation.swift in Sources */,
				B57594762BBBF35900BCE59A /* CompletionHolder.swift in Sources */,
				B5B39A242BB554D90084726F /* XCTestCase+MemoryLeak.swift in Sources */,
				B5B7E1FF2BD95E42008DE1FC /* ItemsListViewTests.swift in Sources */,
				B54F74FB2BC5635500CE0CC7 /* TasksListInfo_UIImage+Equatable.swift in Sources */,
				B5B39A272BB565FD0084726F /* XCTestCase+TasksListCreation.swift in Sources */,
				B5B7E2162BDA551D008DE1FC /* HomeView+DataSource.swift in Sources */,
				B575946A2BBAE4F500BCE59A /* SharedTestHelper.swift in Sources */,
				B5B39A232BB554D30084726F /* HomeViewTests.swift in Sources */,
				B5B7E21F2BDA610C008DE1FC /* ItemsViewControllerTests.swift in Sources */,
				B54F74FF2BC578FE00CE0CC7 /* IconImageServiceTests.swift in Sources */,
				B5B39A252BB554DF0084726F /* HomeViewControllerTests.swift in Sources */,
			);
			runOnlyForDeploymentPostprocessing = 0;
		};
		B56726302BB5A9F8007DE166 /* Sources */ = {
			isa = PBXSourcesBuildPhase;
			buildActionMask = 2147483647;
			files = (
				B57594742BBBE71800BCE59A /* RunLoop+TestHelpers.swift in Sources */,
				B57594962BBC0CE100BCE59A /* XCTestCase+CoreDataHelpers.swift in Sources */,
				B57594932BBC0C8200BCE59A /* TaskItemsRepositoryTests.swift in Sources */,
				B57594772BBBF35900BCE59A /* CompletionHolder.swift in Sources */,
				B57594662BBAACC600BCE59A /* XCTestCase+MemoryLeak.swift in Sources */,
				B54F74F32BBFEB7600CE0CC7 /* ErrorProneStore.swift in Sources */,
				B57594682BBAAF5C00BCE59A /* XCTestCase+TasksListCreation.swift in Sources */,
				B575946B2BBAE4F500BCE59A /* SharedTestHelper.swift in Sources */,
				B56726372BB5A9F8007DE166 /* TasksListRepositoryTests.swift in Sources */,
				B54F74F52BBFFDCF00CE0CC7 /* XCTestCase+ErrorChecking.swift in Sources */,
			);
			runOnlyForDeploymentPostprocessing = 0;
		};
		B57594792BBBFF5200BCE59A /* Sources */ = {
			isa = PBXSourcesBuildPhase;
			buildActionMask = 2147483647;
			files = (
				B54F74FC2BC571C500CE0CC7 /* TasksListInfo+Equatable.swift in Sources */,
				B575948C2BBC002700BCE59A /* XCTestCase+MemoryLeak.swift in Sources */,
				B575948D2BBC002700BCE59A /* CompletionHolder.swift in Sources */,
				B57594882BBBFF7300BCE59A /* HomeServiceTests.swift in Sources */,
				B575948B2BBC001900BCE59A /* RunLoop+TestHelpers.swift in Sources */,
				B57594892BBBFF8000BCE59A /* XCTestCase+TasksListCreation.swift in Sources */,
				B575948A2BBBFFF800BCE59A /* SharedTestHelper.swift in Sources */,
			);
			runOnlyForDeploymentPostprocessing = 0;
		};
		B5B399C92BB2A9F60084726F /* Sources */ = {
			isa = PBXSourcesBuildPhase;
			buildActionMask = 2147483647;
			files = (
				B5B39A0C2BB2ADC90084726F /* TasksListRepository.swift in Sources */,
				B54F74F12BBEF01500CE0CC7 /* TaskItemRepository.swift in Sources */,
				B575945D2BBAA37200BCE59A /* ActivityTypeInner.swift in Sources */,
				B5B399ED2BB2AA350084726F /* ActivityList.xcdatamodeld in Sources */,
				B5B399D12BB2A9F70084726F /* ActivityListDataLayer.docc in Sources */,
			);
			runOnlyForDeploymentPostprocessing = 0;
		};
		B5B7E2002BD96011008DE1FC /* Sources */ = {
			isa = PBXSourcesBuildPhase;
			buildActionMask = 2147483647;
			files = (
				B5B7E2072BD96011008DE1FC /* HomeViewControllerTests.swift in Sources */,
				B5B7E20F2BD96140008DE1FC /* TasksListInfo_UIImage+Equatable.swift in Sources */,
				B5B7E2112BD961B6008DE1FC /* SharedTestHelper.swift in Sources */,
				B5B7E20E2BD960B4008DE1FC /* XCTestCase+TasksListCreation.swift in Sources */,
				B5B7E2122BD961C2008DE1FC /* XCTestCase+MemoryLeak.swift in Sources */,
				B5B7E2102BD96185008DE1FC /* CompletionHolder.swift in Sources */,
				B5B7E2152BDA550B008DE1FC /* HomeView+DataSource.swift in Sources */,
				B5B7E20D2BD9609C008DE1FC /* RunLoop+TestHelpers.swift in Sources */,
			);
			runOnlyForDeploymentPostprocessing = 0;
		};
/* End PBXSourcesBuildPhase section */

/* Begin PBXTargetDependency section */
		B5150E392BB1BACA0016EF33 /* PBXTargetDependency */ = {
			isa = PBXTargetDependency;
			target = B5150E242BB1BACA0016EF33 /* ActivityListDomain */;
			targetProxy = B5150E382BB1BACA0016EF33 /* PBXContainerItemProxy */;
		};
		B5150E6D2BB1C88D0016EF33 /* PBXTargetDependency */ = {
			isa = PBXTargetDependency;
			target = B5150E602BB1C88C0016EF33 /* ActivityListUI */;
			targetProxy = B5150E6C2BB1C88D0016EF33 /* PBXContainerItemProxy */;
		};
		B5150E6F2BB1C88D0016EF33 /* PBXTargetDependency */ = {
			isa = PBXTargetDependency;
			target = B5150D5A2BB1ABA60016EF33 /* ActivityList */;
			targetProxy = B5150E6E2BB1C88D0016EF33 /* PBXContainerItemProxy */;
		};
		B5150E752BB1C88D0016EF33 /* PBXTargetDependency */ = {
			isa = PBXTargetDependency;
			target = B5150E602BB1C88C0016EF33 /* ActivityListUI */;
			targetProxy = B5150E742BB1C88D0016EF33 /* PBXContainerItemProxy */;
		};
		B567262A2BB57AC0007DE166 /* PBXTargetDependency */ = {
			isa = PBXTargetDependency;
			target = B5150E242BB1BACA0016EF33 /* ActivityListDomain */;
			targetProxy = B56726292BB57AC0007DE166 /* PBXContainerItemProxy */;
		};
		B567263A2BB5A9F8007DE166 /* PBXTargetDependency */ = {
			isa = PBXTargetDependency;
			platformFilter = ios;
			target = B5B399CC2BB2A9F60084726F /* ActivityListDataLayer */;
			targetProxy = B56726392BB5A9F8007DE166 /* PBXContainerItemProxy */;
		};
		B57594832BBBFF5200BCE59A /* PBXTargetDependency */ = {
			isa = PBXTargetDependency;
			platformFilter = ios;
			target = B5150E242BB1BACA0016EF33 /* ActivityListDomain */;
			targetProxy = B57594822BBBFF5200BCE59A /* PBXContainerItemProxy */;
		};
		B5B399E12BB2A9F80084726F /* PBXTargetDependency */ = {
			isa = PBXTargetDependency;
			target = B5B399CC2BB2A9F60084726F /* ActivityListDataLayer */;
			targetProxy = B5B399E02BB2A9F80084726F /* PBXContainerItemProxy */;
		};
		B5B7E2092BD96011008DE1FC /* PBXTargetDependency */ = {
			isa = PBXTargetDependency;
			target = B5150D5A2BB1ABA60016EF33 /* ActivityList */;
			targetProxy = B5B7E2082BD96011008DE1FC /* PBXContainerItemProxy */;
		};
/* End PBXTargetDependency section */

/* Begin PBXVariantGroup section */
		B5150D692BB1ABA80016EF33 /* LaunchScreen.storyboard */ = {
			isa = PBXVariantGroup;
			children = (
				B5150D6A2BB1ABA80016EF33 /* Base */,
			);
			name = LaunchScreen.storyboard;
			sourceTree = "<group>";
		};
/* End PBXVariantGroup section */

/* Begin XCBuildConfiguration section */
		B5150D832BB1ABA90016EF33 /* Debug */ = {
			isa = XCBuildConfiguration;
			buildSettings = {
				ALWAYS_SEARCH_USER_PATHS = NO;
				ASSETCATALOG_COMPILER_GENERATE_SWIFT_ASSET_SYMBOL_EXTENSIONS = YES;
				CLANG_ANALYZER_NONNULL = YES;
				CLANG_ANALYZER_NUMBER_OBJECT_CONVERSION = YES_AGGRESSIVE;
				CLANG_CXX_LANGUAGE_STANDARD = "gnu++20";
				CLANG_ENABLE_MODULES = YES;
				CLANG_ENABLE_OBJC_ARC = YES;
				CLANG_ENABLE_OBJC_WEAK = YES;
				CLANG_WARN_BLOCK_CAPTURE_AUTORELEASING = YES;
				CLANG_WARN_BOOL_CONVERSION = YES;
				CLANG_WARN_COMMA = YES;
				CLANG_WARN_CONSTANT_CONVERSION = YES;
				CLANG_WARN_DEPRECATED_OBJC_IMPLEMENTATIONS = YES;
				CLANG_WARN_DIRECT_OBJC_ISA_USAGE = YES_ERROR;
				CLANG_WARN_DOCUMENTATION_COMMENTS = YES;
				CLANG_WARN_EMPTY_BODY = YES;
				CLANG_WARN_ENUM_CONVERSION = YES;
				CLANG_WARN_INFINITE_RECURSION = YES;
				CLANG_WARN_INT_CONVERSION = YES;
				CLANG_WARN_NON_LITERAL_NULL_CONVERSION = YES;
				CLANG_WARN_OBJC_IMPLICIT_RETAIN_SELF = YES;
				CLANG_WARN_OBJC_LITERAL_CONVERSION = YES;
				CLANG_WARN_OBJC_ROOT_CLASS = YES_ERROR;
				CLANG_WARN_QUOTED_INCLUDE_IN_FRAMEWORK_HEADER = YES;
				CLANG_WARN_RANGE_LOOP_ANALYSIS = YES;
				CLANG_WARN_STRICT_PROTOTYPES = YES;
				CLANG_WARN_SUSPICIOUS_MOVE = YES;
				CLANG_WARN_UNGUARDED_AVAILABILITY = YES_AGGRESSIVE;
				CLANG_WARN_UNREACHABLE_CODE = YES;
				CLANG_WARN__DUPLICATE_METHOD_MATCH = YES;
				COPY_PHASE_STRIP = NO;
				DEBUG_INFORMATION_FORMAT = dwarf;
				ENABLE_STRICT_OBJC_MSGSEND = YES;
				ENABLE_TESTABILITY = YES;
				ENABLE_USER_SCRIPT_SANDBOXING = YES;
				GCC_C_LANGUAGE_STANDARD = gnu17;
				GCC_DYNAMIC_NO_PIC = NO;
				GCC_NO_COMMON_BLOCKS = YES;
				GCC_OPTIMIZATION_LEVEL = 0;
				GCC_PREPROCESSOR_DEFINITIONS = (
					"DEBUG=1",
					"$(inherited)",
				);
				GCC_WARN_64_TO_32_BIT_CONVERSION = YES;
				GCC_WARN_ABOUT_RETURN_TYPE = YES_ERROR;
				GCC_WARN_UNDECLARED_SELECTOR = YES;
				GCC_WARN_UNINITIALIZED_AUTOS = YES_AGGRESSIVE;
				GCC_WARN_UNUSED_FUNCTION = YES;
				GCC_WARN_UNUSED_VARIABLE = YES;
				IPHONEOS_DEPLOYMENT_TARGET = 17.2;
				LOCALIZATION_PREFERS_STRING_CATALOGS = YES;
				MTL_ENABLE_DEBUG_INFO = INCLUDE_SOURCE;
				MTL_FAST_MATH = YES;
				ONLY_ACTIVE_ARCH = YES;
				SDKROOT = iphoneos;
				SWIFT_ACTIVE_COMPILATION_CONDITIONS = "DEBUG $(inherited)";
				SWIFT_OPTIMIZATION_LEVEL = "-Onone";
			};
			name = Debug;
		};
		B5150D842BB1ABA90016EF33 /* Release */ = {
			isa = XCBuildConfiguration;
			buildSettings = {
				ALWAYS_SEARCH_USER_PATHS = NO;
				ASSETCATALOG_COMPILER_GENERATE_SWIFT_ASSET_SYMBOL_EXTENSIONS = YES;
				CLANG_ANALYZER_NONNULL = YES;
				CLANG_ANALYZER_NUMBER_OBJECT_CONVERSION = YES_AGGRESSIVE;
				CLANG_CXX_LANGUAGE_STANDARD = "gnu++20";
				CLANG_ENABLE_MODULES = YES;
				CLANG_ENABLE_OBJC_ARC = YES;
				CLANG_ENABLE_OBJC_WEAK = YES;
				CLANG_WARN_BLOCK_CAPTURE_AUTORELEASING = YES;
				CLANG_WARN_BOOL_CONVERSION = YES;
				CLANG_WARN_COMMA = YES;
				CLANG_WARN_CONSTANT_CONVERSION = YES;
				CLANG_WARN_DEPRECATED_OBJC_IMPLEMENTATIONS = YES;
				CLANG_WARN_DIRECT_OBJC_ISA_USAGE = YES_ERROR;
				CLANG_WARN_DOCUMENTATION_COMMENTS = YES;
				CLANG_WARN_EMPTY_BODY = YES;
				CLANG_WARN_ENUM_CONVERSION = YES;
				CLANG_WARN_INFINITE_RECURSION = YES;
				CLANG_WARN_INT_CONVERSION = YES;
				CLANG_WARN_NON_LITERAL_NULL_CONVERSION = YES;
				CLANG_WARN_OBJC_IMPLICIT_RETAIN_SELF = YES;
				CLANG_WARN_OBJC_LITERAL_CONVERSION = YES;
				CLANG_WARN_OBJC_ROOT_CLASS = YES_ERROR;
				CLANG_WARN_QUOTED_INCLUDE_IN_FRAMEWORK_HEADER = YES;
				CLANG_WARN_RANGE_LOOP_ANALYSIS = YES;
				CLANG_WARN_STRICT_PROTOTYPES = YES;
				CLANG_WARN_SUSPICIOUS_MOVE = YES;
				CLANG_WARN_UNGUARDED_AVAILABILITY = YES_AGGRESSIVE;
				CLANG_WARN_UNREACHABLE_CODE = YES;
				CLANG_WARN__DUPLICATE_METHOD_MATCH = YES;
				COPY_PHASE_STRIP = NO;
				DEBUG_INFORMATION_FORMAT = "dwarf-with-dsym";
				ENABLE_NS_ASSERTIONS = NO;
				ENABLE_STRICT_OBJC_MSGSEND = YES;
				ENABLE_USER_SCRIPT_SANDBOXING = YES;
				GCC_C_LANGUAGE_STANDARD = gnu17;
				GCC_NO_COMMON_BLOCKS = YES;
				GCC_WARN_64_TO_32_BIT_CONVERSION = YES;
				GCC_WARN_ABOUT_RETURN_TYPE = YES_ERROR;
				GCC_WARN_UNDECLARED_SELECTOR = YES;
				GCC_WARN_UNINITIALIZED_AUTOS = YES_AGGRESSIVE;
				GCC_WARN_UNUSED_FUNCTION = YES;
				GCC_WARN_UNUSED_VARIABLE = YES;
				IPHONEOS_DEPLOYMENT_TARGET = 17.2;
				LOCALIZATION_PREFERS_STRING_CATALOGS = YES;
				MTL_ENABLE_DEBUG_INFO = NO;
				MTL_FAST_MATH = YES;
				SDKROOT = iphoneos;
				SWIFT_COMPILATION_MODE = wholemodule;
				VALIDATE_PRODUCT = YES;
			};
			name = Release;
		};
		B5150D862BB1ABA90016EF33 /* Debug */ = {
			isa = XCBuildConfiguration;
			buildSettings = {
				ALWAYS_EMBED_SWIFT_STANDARD_LIBRARIES = YES;
				ASSETCATALOG_COMPILER_APPICON_NAME = AppIcon;
				ASSETCATALOG_COMPILER_GLOBAL_ACCENT_COLOR_NAME = AccentColor;
				CODE_SIGN_STYLE = Automatic;
				CURRENT_PROJECT_VERSION = 1;
				GENERATE_INFOPLIST_FILE = YES;
				INFOPLIST_FILE = ActivityList/Info.plist;
				INFOPLIST_KEY_UIApplicationSupportsIndirectInputEvents = YES;
				INFOPLIST_KEY_UILaunchStoryboardName = LaunchScreen;
				INFOPLIST_KEY_UISupportedInterfaceOrientations_iPad = "UIInterfaceOrientationPortrait UIInterfaceOrientationPortraitUpsideDown UIInterfaceOrientationLandscapeLeft UIInterfaceOrientationLandscapeRight";
				INFOPLIST_KEY_UISupportedInterfaceOrientations_iPhone = "UIInterfaceOrientationPortrait UIInterfaceOrientationLandscapeLeft UIInterfaceOrientationLandscapeRight";
				IPHONEOS_DEPLOYMENT_TARGET = 15.0;
				LD_RUNPATH_SEARCH_PATHS = (
					"$(inherited)",
					"@executable_path/Frameworks",
				);
				MARKETING_VERSION = 1.0;
				PRODUCT_BUNDLE_IDENTIFIER = com.ActivityList;
				PRODUCT_NAME = "$(TARGET_NAME)";
				SUPPORTED_PLATFORMS = "iphoneos iphonesimulator";
				SUPPORTS_MACCATALYST = NO;
				SUPPORTS_MAC_DESIGNED_FOR_IPHONE_IPAD = NO;
				SUPPORTS_XR_DESIGNED_FOR_IPHONE_IPAD = NO;
				SWIFT_EMIT_LOC_STRINGS = YES;
				SWIFT_VERSION = 5.0;
				TARGETED_DEVICE_FAMILY = "1,2";
			};
			name = Debug;
		};
		B5150D872BB1ABA90016EF33 /* Release */ = {
			isa = XCBuildConfiguration;
			buildSettings = {
				ALWAYS_EMBED_SWIFT_STANDARD_LIBRARIES = YES;
				ASSETCATALOG_COMPILER_APPICON_NAME = AppIcon;
				ASSETCATALOG_COMPILER_GLOBAL_ACCENT_COLOR_NAME = AccentColor;
				CODE_SIGN_STYLE = Automatic;
				CURRENT_PROJECT_VERSION = 1;
				ENABLE_TESTABILITY = YES;
				GENERATE_INFOPLIST_FILE = YES;
				INFOPLIST_FILE = ActivityList/Info.plist;
				INFOPLIST_KEY_UIApplicationSupportsIndirectInputEvents = YES;
				INFOPLIST_KEY_UILaunchStoryboardName = LaunchScreen;
				INFOPLIST_KEY_UISupportedInterfaceOrientations_iPad = "UIInterfaceOrientationPortrait UIInterfaceOrientationPortraitUpsideDown UIInterfaceOrientationLandscapeLeft UIInterfaceOrientationLandscapeRight";
				INFOPLIST_KEY_UISupportedInterfaceOrientations_iPhone = "UIInterfaceOrientationPortrait UIInterfaceOrientationLandscapeLeft UIInterfaceOrientationLandscapeRight";
				IPHONEOS_DEPLOYMENT_TARGET = 15.0;
				LD_RUNPATH_SEARCH_PATHS = (
					"$(inherited)",
					"@executable_path/Frameworks",
				);
				MARKETING_VERSION = 1.0;
				PRODUCT_BUNDLE_IDENTIFIER = com.ActivityList;
				PRODUCT_NAME = "$(TARGET_NAME)";
				SUPPORTED_PLATFORMS = "iphoneos iphonesimulator";
				SUPPORTS_MACCATALYST = NO;
				SUPPORTS_MAC_DESIGNED_FOR_IPHONE_IPAD = NO;
				SUPPORTS_XR_DESIGNED_FOR_IPHONE_IPAD = NO;
				SWIFT_EMIT_LOC_STRINGS = YES;
				SWIFT_VERSION = 5.0;
				TARGETED_DEVICE_FAMILY = "1,2";
			};
			name = Release;
		};
		B5150E3D2BB1BACA0016EF33 /* Debug */ = {
			isa = XCBuildConfiguration;
			buildSettings = {
				CODE_SIGN_STYLE = Automatic;
				CURRENT_PROJECT_VERSION = 1;
				DEFINES_MODULE = YES;
				DYLIB_COMPATIBILITY_VERSION = 1;
				DYLIB_CURRENT_VERSION = 1;
				DYLIB_INSTALL_NAME_BASE = "@rpath";
				ENABLE_MODULE_VERIFIER = YES;
				GENERATE_INFOPLIST_FILE = YES;
				INFOPLIST_KEY_NSHumanReadableCopyright = "";
				INSTALL_PATH = "$(LOCAL_LIBRARY_DIR)/Frameworks";
				IPHONEOS_DEPLOYMENT_TARGET = 15.0;
				LD_RUNPATH_SEARCH_PATHS = (
					"@executable_path/Frameworks",
					"@loader_path/Frameworks",
				);
				"LD_RUNPATH_SEARCH_PATHS[sdk=macosx*]" = (
					"@executable_path/../Frameworks",
					"@loader_path/Frameworks",
				);
				MACOSX_DEPLOYMENT_TARGET = 14.2;
				MARKETING_VERSION = 1.0;
				MODULE_VERIFIER_SUPPORTED_LANGUAGES = "objective-c objective-c++";
				MODULE_VERIFIER_SUPPORTED_LANGUAGE_STANDARDS = "gnu17 gnu++20";
				PRODUCT_BUNDLE_IDENTIFIER = com.ActivityListDomain;
				PRODUCT_NAME = "$(TARGET_NAME:c99extidentifier)";
				SDKROOT = auto;
				SKIP_INSTALL = YES;
				SUPPORTED_PLATFORMS = "iphoneos iphonesimulator";
				SUPPORTS_MACCATALYST = NO;
				SWIFT_EMIT_LOC_STRINGS = YES;
				SWIFT_VERSION = 5.0;
				TARGETED_DEVICE_FAMILY = "1,2";
				VERSIONING_SYSTEM = "apple-generic";
				VERSION_INFO_PREFIX = "";
			};
			name = Debug;
		};
		B5150E3E2BB1BACA0016EF33 /* Release */ = {
			isa = XCBuildConfiguration;
			buildSettings = {
				CODE_SIGN_STYLE = Automatic;
				CURRENT_PROJECT_VERSION = 1;
				DEFINES_MODULE = YES;
				DYLIB_COMPATIBILITY_VERSION = 1;
				DYLIB_CURRENT_VERSION = 1;
				DYLIB_INSTALL_NAME_BASE = "@rpath";
				ENABLE_MODULE_VERIFIER = YES;
				GENERATE_INFOPLIST_FILE = YES;
				INFOPLIST_KEY_NSHumanReadableCopyright = "";
				INSTALL_PATH = "$(LOCAL_LIBRARY_DIR)/Frameworks";
				IPHONEOS_DEPLOYMENT_TARGET = 15.0;
				LD_RUNPATH_SEARCH_PATHS = (
					"@executable_path/Frameworks",
					"@loader_path/Frameworks",
				);
				"LD_RUNPATH_SEARCH_PATHS[sdk=macosx*]" = (
					"@executable_path/../Frameworks",
					"@loader_path/Frameworks",
				);
				MACOSX_DEPLOYMENT_TARGET = 14.2;
				MARKETING_VERSION = 1.0;
				MODULE_VERIFIER_SUPPORTED_LANGUAGES = "objective-c objective-c++";
				MODULE_VERIFIER_SUPPORTED_LANGUAGE_STANDARDS = "gnu17 gnu++20";
				PRODUCT_BUNDLE_IDENTIFIER = com.ActivityListDomain;
				PRODUCT_NAME = "$(TARGET_NAME:c99extidentifier)";
				SDKROOT = auto;
				SKIP_INSTALL = YES;
				SUPPORTED_PLATFORMS = "iphoneos iphonesimulator";
				SUPPORTS_MACCATALYST = NO;
				SWIFT_EMIT_LOC_STRINGS = YES;
				SWIFT_VERSION = 5.0;
				TARGETED_DEVICE_FAMILY = "1,2";
				VERSIONING_SYSTEM = "apple-generic";
				VERSION_INFO_PREFIX = "";
			};
			name = Release;
		};
		B5150E792BB1C88D0016EF33 /* Debug */ = {
			isa = XCBuildConfiguration;
			buildSettings = {
				CODE_SIGN_STYLE = Automatic;
				CURRENT_PROJECT_VERSION = 1;
				DEFINES_MODULE = YES;
				DYLIB_COMPATIBILITY_VERSION = 1;
				DYLIB_CURRENT_VERSION = 1;
				DYLIB_INSTALL_NAME_BASE = "@rpath";
				ENABLE_MODULE_VERIFIER = YES;
				GENERATE_INFOPLIST_FILE = YES;
				INFOPLIST_KEY_NSHumanReadableCopyright = "";
				INSTALL_PATH = "$(LOCAL_LIBRARY_DIR)/Frameworks";
				IPHONEOS_DEPLOYMENT_TARGET = 15.0;
				LD_RUNPATH_SEARCH_PATHS = (
					"$(inherited)",
					"@executable_path/Frameworks",
					"@loader_path/Frameworks",
				);
				MARKETING_VERSION = 1.0;
				MODULE_VERIFIER_SUPPORTED_LANGUAGES = "objective-c objective-c++";
				MODULE_VERIFIER_SUPPORTED_LANGUAGE_STANDARDS = "gnu17 gnu++20";
				PRODUCT_BUNDLE_IDENTIFIER = com.ActivityListUI;
				PRODUCT_NAME = "$(TARGET_NAME:c99extidentifier)";
				SKIP_INSTALL = YES;
				SUPPORTED_PLATFORMS = "iphoneos iphonesimulator";
				SUPPORTS_MACCATALYST = NO;
				SUPPORTS_MAC_DESIGNED_FOR_IPHONE_IPAD = NO;
				SUPPORTS_XR_DESIGNED_FOR_IPHONE_IPAD = NO;
				SWIFT_EMIT_LOC_STRINGS = YES;
				SWIFT_VERSION = 5.0;
				TARGETED_DEVICE_FAMILY = "1,2";
				VERSIONING_SYSTEM = "apple-generic";
				VERSION_INFO_PREFIX = "";
			};
			name = Debug;
		};
		B5150E7A2BB1C88D0016EF33 /* Release */ = {
			isa = XCBuildConfiguration;
			buildSettings = {
				CODE_SIGN_STYLE = Automatic;
				CURRENT_PROJECT_VERSION = 1;
				DEFINES_MODULE = YES;
				DYLIB_COMPATIBILITY_VERSION = 1;
				DYLIB_CURRENT_VERSION = 1;
				DYLIB_INSTALL_NAME_BASE = "@rpath";
				ENABLE_MODULE_VERIFIER = YES;
				GENERATE_INFOPLIST_FILE = YES;
				INFOPLIST_KEY_NSHumanReadableCopyright = "";
				INSTALL_PATH = "$(LOCAL_LIBRARY_DIR)/Frameworks";
				IPHONEOS_DEPLOYMENT_TARGET = 15.0;
				LD_RUNPATH_SEARCH_PATHS = (
					"$(inherited)",
					"@executable_path/Frameworks",
					"@loader_path/Frameworks",
				);
				MARKETING_VERSION = 1.0;
				MODULE_VERIFIER_SUPPORTED_LANGUAGES = "objective-c objective-c++";
				MODULE_VERIFIER_SUPPORTED_LANGUAGE_STANDARDS = "gnu17 gnu++20";
				PRODUCT_BUNDLE_IDENTIFIER = com.ActivityListUI;
				PRODUCT_NAME = "$(TARGET_NAME:c99extidentifier)";
				SKIP_INSTALL = YES;
				SUPPORTED_PLATFORMS = "iphoneos iphonesimulator";
				SUPPORTS_MACCATALYST = NO;
				SUPPORTS_MAC_DESIGNED_FOR_IPHONE_IPAD = NO;
				SUPPORTS_XR_DESIGNED_FOR_IPHONE_IPAD = NO;
				SWIFT_EMIT_LOC_STRINGS = YES;
				SWIFT_VERSION = 5.0;
				TARGETED_DEVICE_FAMILY = "1,2";
				VERSIONING_SYSTEM = "apple-generic";
				VERSION_INFO_PREFIX = "";
			};
			name = Release;
		};
		B5150E7C2BB1C88D0016EF33 /* Debug */ = {
			isa = XCBuildConfiguration;
			buildSettings = {
				ALWAYS_EMBED_SWIFT_STANDARD_LIBRARIES = YES;
				CODE_SIGN_STYLE = Automatic;
				CURRENT_PROJECT_VERSION = 1;
				GENERATE_INFOPLIST_FILE = YES;
				IPHONEOS_DEPLOYMENT_TARGET = 15.0;
				MARKETING_VERSION = 1.0;
				PRODUCT_BUNDLE_IDENTIFIER = com.ActivityListUITests;
				PRODUCT_NAME = "$(TARGET_NAME)";
				SUPPORTED_PLATFORMS = "iphoneos iphonesimulator";
				SUPPORTS_MACCATALYST = NO;
				SUPPORTS_MAC_DESIGNED_FOR_IPHONE_IPAD = NO;
				SUPPORTS_XR_DESIGNED_FOR_IPHONE_IPAD = NO;
				SWIFT_EMIT_LOC_STRINGS = NO;
				SWIFT_VERSION = 5.0;
				TARGETED_DEVICE_FAMILY = "1,2";
			};
			name = Debug;
		};
		B5150E7D2BB1C88D0016EF33 /* Release */ = {
			isa = XCBuildConfiguration;
			buildSettings = {
				ALWAYS_EMBED_SWIFT_STANDARD_LIBRARIES = YES;
				CODE_SIGN_STYLE = Automatic;
				CURRENT_PROJECT_VERSION = 1;
				GENERATE_INFOPLIST_FILE = YES;
				IPHONEOS_DEPLOYMENT_TARGET = 15.0;
				MARKETING_VERSION = 1.0;
				PRODUCT_BUNDLE_IDENTIFIER = com.ActivityListUITests;
				PRODUCT_NAME = "$(TARGET_NAME)";
				SUPPORTED_PLATFORMS = "iphoneos iphonesimulator";
				SUPPORTS_MACCATALYST = NO;
				SUPPORTS_MAC_DESIGNED_FOR_IPHONE_IPAD = NO;
				SUPPORTS_XR_DESIGNED_FOR_IPHONE_IPAD = NO;
				SWIFT_EMIT_LOC_STRINGS = NO;
				SWIFT_VERSION = 5.0;
				TARGETED_DEVICE_FAMILY = "1,2";
			};
			name = Release;
		};
		B567263B2BB5A9F8007DE166 /* Debug */ = {
			isa = XCBuildConfiguration;
			buildSettings = {
				CODE_SIGN_STYLE = Automatic;
				CURRENT_PROJECT_VERSION = 1;
				GENERATE_INFOPLIST_FILE = YES;
				IPHONEOS_DEPLOYMENT_TARGET = 15.0;
				MARKETING_VERSION = 1.0;
				PRODUCT_BUNDLE_IDENTIFIER = com.ActivityListDataLayerTests;
				PRODUCT_NAME = "$(TARGET_NAME)";
				SUPPORTED_PLATFORMS = "iphoneos iphonesimulator";
				SUPPORTS_MACCATALYST = NO;
				SUPPORTS_MAC_DESIGNED_FOR_IPHONE_IPAD = NO;
				SUPPORTS_XR_DESIGNED_FOR_IPHONE_IPAD = NO;
				SWIFT_EMIT_LOC_STRINGS = NO;
				SWIFT_VERSION = 5.0;
				TARGETED_DEVICE_FAMILY = "1,2";
			};
			name = Debug;
		};
		B567263C2BB5A9F8007DE166 /* Release */ = {
			isa = XCBuildConfiguration;
			buildSettings = {
				CODE_SIGN_STYLE = Automatic;
				CURRENT_PROJECT_VERSION = 1;
				GENERATE_INFOPLIST_FILE = YES;
				IPHONEOS_DEPLOYMENT_TARGET = 15.0;
				MARKETING_VERSION = 1.0;
				PRODUCT_BUNDLE_IDENTIFIER = com.ActivityListDataLayerTests;
				PRODUCT_NAME = "$(TARGET_NAME)";
				SUPPORTED_PLATFORMS = "iphoneos iphonesimulator";
				SUPPORTS_MACCATALYST = NO;
				SUPPORTS_MAC_DESIGNED_FOR_IPHONE_IPAD = NO;
				SUPPORTS_XR_DESIGNED_FOR_IPHONE_IPAD = NO;
				SWIFT_EMIT_LOC_STRINGS = NO;
				SWIFT_VERSION = 5.0;
				TARGETED_DEVICE_FAMILY = "1,2";
			};
			name = Release;
		};
		B57594852BBBFF5200BCE59A /* Debug */ = {
			isa = XCBuildConfiguration;
			buildSettings = {
				CODE_SIGN_STYLE = Automatic;
				CURRENT_PROJECT_VERSION = 1;
				GENERATE_INFOPLIST_FILE = YES;
				MARKETING_VERSION = 1.0;
				PRODUCT_BUNDLE_IDENTIFIER = com.ActivityListDomainTests;
				PRODUCT_NAME = "$(TARGET_NAME)";
				SUPPORTED_PLATFORMS = "iphoneos iphonesimulator";
				SUPPORTS_MACCATALYST = NO;
				SUPPORTS_MAC_DESIGNED_FOR_IPHONE_IPAD = NO;
				SUPPORTS_XR_DESIGNED_FOR_IPHONE_IPAD = NO;
				SWIFT_EMIT_LOC_STRINGS = NO;
				SWIFT_VERSION = 5.0;
				TARGETED_DEVICE_FAMILY = "1,2";
			};
			name = Debug;
		};
		B57594862BBBFF5200BCE59A /* Release */ = {
			isa = XCBuildConfiguration;
			buildSettings = {
				CODE_SIGN_STYLE = Automatic;
				CURRENT_PROJECT_VERSION = 1;
				GENERATE_INFOPLIST_FILE = YES;
				MARKETING_VERSION = 1.0;
				PRODUCT_BUNDLE_IDENTIFIER = com.ActivityListDomainTests;
				PRODUCT_NAME = "$(TARGET_NAME)";
				SUPPORTED_PLATFORMS = "iphoneos iphonesimulator";
				SUPPORTS_MACCATALYST = NO;
				SUPPORTS_MAC_DESIGNED_FOR_IPHONE_IPAD = NO;
				SUPPORTS_XR_DESIGNED_FOR_IPHONE_IPAD = NO;
				SWIFT_EMIT_LOC_STRINGS = NO;
				SWIFT_VERSION = 5.0;
				TARGETED_DEVICE_FAMILY = "1,2";
			};
			name = Release;
		};
		B5B399E52BB2A9F90084726F /* Debug */ = {
			isa = XCBuildConfiguration;
			buildSettings = {
				CODE_SIGN_STYLE = Automatic;
				CURRENT_PROJECT_VERSION = 1;
				DEFINES_MODULE = YES;
				DYLIB_COMPATIBILITY_VERSION = 1;
				DYLIB_CURRENT_VERSION = 1;
				DYLIB_INSTALL_NAME_BASE = "@rpath";
				ENABLE_MODULE_VERIFIER = YES;
				GENERATE_INFOPLIST_FILE = YES;
				INFOPLIST_KEY_NSHumanReadableCopyright = "";
				INSTALL_PATH = "$(LOCAL_LIBRARY_DIR)/Frameworks";
				IPHONEOS_DEPLOYMENT_TARGET = 15.0;
				LD_RUNPATH_SEARCH_PATHS = (
					"$(inherited)",
					"@executable_path/Frameworks",
					"@loader_path/Frameworks",
				);
				MARKETING_VERSION = 1.0;
				MODULE_VERIFIER_SUPPORTED_LANGUAGES = "objective-c objective-c++";
				MODULE_VERIFIER_SUPPORTED_LANGUAGE_STANDARDS = "gnu17 gnu++20";
				PRODUCT_BUNDLE_IDENTIFIER = com.ActivityListDataLayer;
				PRODUCT_NAME = "$(TARGET_NAME:c99extidentifier)";
				SKIP_INSTALL = YES;
				SUPPORTED_PLATFORMS = "iphoneos iphonesimulator";
				SUPPORTS_MACCATALYST = NO;
				SUPPORTS_MAC_DESIGNED_FOR_IPHONE_IPAD = NO;
				SUPPORTS_XR_DESIGNED_FOR_IPHONE_IPAD = NO;
				SWIFT_EMIT_LOC_STRINGS = YES;
				SWIFT_VERSION = 5.0;
				TARGETED_DEVICE_FAMILY = "1,2";
				VERSIONING_SYSTEM = "apple-generic";
				VERSION_INFO_PREFIX = "";
			};
			name = Debug;
		};
		B5B399E62BB2A9F90084726F /* Release */ = {
			isa = XCBuildConfiguration;
			buildSettings = {
				CODE_SIGN_STYLE = Automatic;
				CURRENT_PROJECT_VERSION = 1;
				DEFINES_MODULE = YES;
				DYLIB_COMPATIBILITY_VERSION = 1;
				DYLIB_CURRENT_VERSION = 1;
				DYLIB_INSTALL_NAME_BASE = "@rpath";
				ENABLE_MODULE_VERIFIER = YES;
				ENABLE_TESTABILITY = NO;
				GENERATE_INFOPLIST_FILE = YES;
				INFOPLIST_KEY_NSHumanReadableCopyright = "";
				INSTALL_PATH = "$(LOCAL_LIBRARY_DIR)/Frameworks";
				IPHONEOS_DEPLOYMENT_TARGET = 15.0;
				LD_RUNPATH_SEARCH_PATHS = (
					"$(inherited)",
					"@executable_path/Frameworks",
					"@loader_path/Frameworks",
				);
				MARKETING_VERSION = 1.0;
				MODULE_VERIFIER_SUPPORTED_LANGUAGES = "objective-c objective-c++";
				MODULE_VERIFIER_SUPPORTED_LANGUAGE_STANDARDS = "gnu17 gnu++20";
				PRODUCT_BUNDLE_IDENTIFIER = com.ActivityListDataLayer;
				PRODUCT_NAME = "$(TARGET_NAME:c99extidentifier)";
				SKIP_INSTALL = YES;
				SUPPORTED_PLATFORMS = "iphoneos iphonesimulator";
				SUPPORTS_MACCATALYST = NO;
				SUPPORTS_MAC_DESIGNED_FOR_IPHONE_IPAD = NO;
				SUPPORTS_XR_DESIGNED_FOR_IPHONE_IPAD = NO;
				SWIFT_EMIT_LOC_STRINGS = YES;
				SWIFT_VERSION = 5.0;
				TARGETED_DEVICE_FAMILY = "1,2";
				VERSIONING_SYSTEM = "apple-generic";
				VERSION_INFO_PREFIX = "";
			};
			name = Release;
		};
		B5B7E20B2BD96011008DE1FC /* Debug */ = {
			isa = XCBuildConfiguration;
			buildSettings = {
				BUNDLE_LOADER = "$(TEST_HOST)";
				CODE_SIGN_STYLE = Automatic;
				CURRENT_PROJECT_VERSION = 1;
				GENERATE_INFOPLIST_FILE = YES;
				MARKETING_VERSION = 1.0;
				PRODUCT_BUNDLE_IDENTIFIER = com.ActivityListTests;
				PRODUCT_NAME = "$(TARGET_NAME)";
				SWIFT_EMIT_LOC_STRINGS = NO;
				SWIFT_VERSION = 5.0;
				TARGETED_DEVICE_FAMILY = "1,2";
				TEST_HOST = "$(BUILT_PRODUCTS_DIR)/ActivityList.app/$(BUNDLE_EXECUTABLE_FOLDER_PATH)/ActivityList";
			};
			name = Debug;
		};
		B5B7E20C2BD96011008DE1FC /* Release */ = {
			isa = XCBuildConfiguration;
			buildSettings = {
				BUNDLE_LOADER = "$(TEST_HOST)";
				CODE_SIGN_STYLE = Automatic;
				CURRENT_PROJECT_VERSION = 1;
				ENABLE_TESTABILITY = NO;
				GENERATE_INFOPLIST_FILE = YES;
				MARKETING_VERSION = 1.0;
				PRODUCT_BUNDLE_IDENTIFIER = com.ActivityListTests;
				PRODUCT_NAME = "$(TARGET_NAME)";
				SWIFT_EMIT_LOC_STRINGS = NO;
				SWIFT_VERSION = 5.0;
				TARGETED_DEVICE_FAMILY = "1,2";
				TEST_HOST = "$(BUILT_PRODUCTS_DIR)/ActivityList.app/$(BUNDLE_EXECUTABLE_FOLDER_PATH)/ActivityList";
			};
			name = Release;
		};
/* End XCBuildConfiguration section */

/* Begin XCConfigurationList section */
		B5150D562BB1ABA60016EF33 /* Build configuration list for PBXProject "ActivityList" */ = {
			isa = XCConfigurationList;
			buildConfigurations = (
				B5150D832BB1ABA90016EF33 /* Debug */,
				B5150D842BB1ABA90016EF33 /* Release */,
			);
			defaultConfigurationIsVisible = 0;
			defaultConfigurationName = Release;
		};
		B5150D852BB1ABA90016EF33 /* Build configuration list for PBXNativeTarget "ActivityList" */ = {
			isa = XCConfigurationList;
			buildConfigurations = (
				B5150D862BB1ABA90016EF33 /* Debug */,
				B5150D872BB1ABA90016EF33 /* Release */,
			);
			defaultConfigurationIsVisible = 0;
			defaultConfigurationName = Release;
		};
		B5150E3C2BB1BACA0016EF33 /* Build configuration list for PBXNativeTarget "ActivityListDomain" */ = {
			isa = XCConfigurationList;
			buildConfigurations = (
				B5150E3D2BB1BACA0016EF33 /* Debug */,
				B5150E3E2BB1BACA0016EF33 /* Release */,
			);
			defaultConfigurationIsVisible = 0;
			defaultConfigurationName = Release;
		};
		B5150E782BB1C88D0016EF33 /* Build configuration list for PBXNativeTarget "ActivityListUI" */ = {
			isa = XCConfigurationList;
			buildConfigurations = (
				B5150E792BB1C88D0016EF33 /* Debug */,
				B5150E7A2BB1C88D0016EF33 /* Release */,
			);
			defaultConfigurationIsVisible = 0;
			defaultConfigurationName = Release;
		};
		B5150E7B2BB1C88D0016EF33 /* Build configuration list for PBXNativeTarget "ActivityListUITests" */ = {
			isa = XCConfigurationList;
			buildConfigurations = (
				B5150E7C2BB1C88D0016EF33 /* Debug */,
				B5150E7D2BB1C88D0016EF33 /* Release */,
			);
			defaultConfigurationIsVisible = 0;
			defaultConfigurationName = Release;
		};
		B567263D2BB5A9F8007DE166 /* Build configuration list for PBXNativeTarget "ActivityListDataLayerTests" */ = {
			isa = XCConfigurationList;
			buildConfigurations = (
				B567263B2BB5A9F8007DE166 /* Debug */,
				B567263C2BB5A9F8007DE166 /* Release */,
			);
			defaultConfigurationIsVisible = 0;
			defaultConfigurationName = Release;
		};
		B57594842BBBFF5200BCE59A /* Build configuration list for PBXNativeTarget "ActivityListDomainTests" */ = {
			isa = XCConfigurationList;
			buildConfigurations = (
				B57594852BBBFF5200BCE59A /* Debug */,
				B57594862BBBFF5200BCE59A /* Release */,
			);
			defaultConfigurationIsVisible = 0;
			defaultConfigurationName = Release;
		};
		B5B399E42BB2A9F90084726F /* Build configuration list for PBXNativeTarget "ActivityListDataLayer" */ = {
			isa = XCConfigurationList;
			buildConfigurations = (
				B5B399E52BB2A9F90084726F /* Debug */,
				B5B399E62BB2A9F90084726F /* Release */,
			);
			defaultConfigurationIsVisible = 0;
			defaultConfigurationName = Release;
		};
		B5B7E20A2BD96011008DE1FC /* Build configuration list for PBXNativeTarget "ActivityListTests" */ = {
			isa = XCConfigurationList;
			buildConfigurations = (
				B5B7E20B2BD96011008DE1FC /* Debug */,
				B5B7E20C2BD96011008DE1FC /* Release */,
			);
			defaultConfigurationIsVisible = 0;
			defaultConfigurationName = Release;
		};
/* End XCConfigurationList section */

/* Begin XCVersionGroup section */
		B5B399EB2BB2AA350084726F /* ActivityList.xcdatamodeld */ = {
			isa = XCVersionGroup;
			children = (
				B5B399EC2BB2AA350084726F /* ActivityList.xcdatamodel */,
			);
			currentVersion = B5B399EC2BB2AA350084726F /* ActivityList.xcdatamodel */;
			path = ActivityList.xcdatamodeld;
			sourceTree = "<group>";
			versionGroupType = wrapper.xcdatamodel;
		};
/* End XCVersionGroup section */
	};
	rootObject = B5150D532BB1ABA60016EF33 /* Project object */;
}
