// !$*UTF8*$!
{
	archiveVersion = 1;
	classes = {
	};
	objectVersion = 56;
	objects = {

/* Begin PBXBuildFile section */
		B5150D5F2BB1ABA60016EF33 /* AppDelegate.swift in Sources */ = {isa = PBXBuildFile; fileRef = B5150D5E2BB1ABA60016EF33 /* AppDelegate.swift */; };
		B5150D612BB1ABA60016EF33 /* SceneDelegate.swift in Sources */ = {isa = PBXBuildFile; fileRef = B5150D602BB1ABA60016EF33 /* SceneDelegate.swift */; };
		B5150D632BB1ABA60016EF33 /* ViewController.swift in Sources */ = {isa = PBXBuildFile; fileRef = B5150D622BB1ABA60016EF33 /* ViewController.swift */; };
		B5150D682BB1ABA80016EF33 /* Assets.xcassets in Resources */ = {isa = PBXBuildFile; fileRef = B5150D672BB1ABA80016EF33 /* Assets.xcassets */; };
		B5150D6B2BB1ABA80016EF33 /* LaunchScreen.storyboard in Resources */ = {isa = PBXBuildFile; fileRef = B5150D692BB1ABA80016EF33 /* LaunchScreen.storyboard */; };
		B5150D762BB1ABA90016EF33 /* ActivityListTests.swift in Sources */ = {isa = PBXBuildFile; fileRef = B5150D752BB1ABA90016EF33 /* ActivityListTests.swift */; };
		B5150D802BB1ABA90016EF33 /* ActivityListUITests.swift in Sources */ = {isa = PBXBuildFile; fileRef = B5150D7F2BB1ABA90016EF33 /* ActivityListUITests.swift */; };
		B5150D822BB1ABA90016EF33 /* ActivityListUITestsLaunchTests.swift in Sources */ = {isa = PBXBuildFile; fileRef = B5150D812BB1ABA90016EF33 /* ActivityListUITestsLaunchTests.swift */; };
		B5150E292BB1BACA0016EF33 /* ActivityListDomain.docc in Sources */ = {isa = PBXBuildFile; fileRef = B5150E282BB1BACA0016EF33 /* ActivityListDomain.docc */; };
		B5150E2F2BB1BACA0016EF33 /* ActivityListDomain.framework in Frameworks */ = {isa = PBXBuildFile; fileRef = B5150E252BB1BACA0016EF33 /* ActivityListDomain.framework */; };
		B5150E362BB1BACA0016EF33 /* ActivityListDomainTests.swift in Sources */ = {isa = PBXBuildFile; fileRef = B5150E352BB1BACA0016EF33 /* ActivityListDomainTests.swift */; };
		B5150E372BB1BACA0016EF33 /* ActivityListDomain.h in Headers */ = {isa = PBXBuildFile; fileRef = B5150E272BB1BACA0016EF33 /* ActivityListDomain.h */; settings = {ATTRIBUTES = (Public, ); }; };
		B5150E3A2BB1BACA0016EF33 /* ActivityListDomain.framework in Frameworks */ = {isa = PBXBuildFile; fileRef = B5150E252BB1BACA0016EF33 /* ActivityListDomain.framework */; };
		B5150E3B2BB1BACA0016EF33 /* ActivityListDomain.framework in Embed Frameworks */ = {isa = PBXBuildFile; fileRef = B5150E252BB1BACA0016EF33 /* ActivityListDomain.framework */; settings = {ATTRIBUTES = (CodeSignOnCopy, RemoveHeadersOnCopy, ); }; };
		B5150E442BB1BB1F0016EF33 /* Task.swift in Sources */ = {isa = PBXBuildFile; fileRef = B5150E432BB1BB1F0016EF33 /* Task.swift */; };
		B5150E472BB1BBAC0016EF33 /* TaskRepositoryProtocol.swift in Sources */ = {isa = PBXBuildFile; fileRef = B5150E462BB1BBAC0016EF33 /* TaskRepositoryProtocol.swift */; };
		B5150E652BB1C88D0016EF33 /* ActivityListUI.docc in Sources */ = {isa = PBXBuildFile; fileRef = B5150E642BB1C88D0016EF33 /* ActivityListUI.docc */; };
		B5150E6B2BB1C88D0016EF33 /* ActivityListUI.framework in Frameworks */ = {isa = PBXBuildFile; fileRef = B5150E612BB1C88C0016EF33 /* ActivityListUI.framework */; };
		B5150E722BB1C88D0016EF33 /* ActivityListUITests.swift in Sources */ = {isa = PBXBuildFile; fileRef = B5150E712BB1C88D0016EF33 /* ActivityListUITests.swift */; };
		B5150E732BB1C88D0016EF33 /* ActivityListUI.h in Headers */ = {isa = PBXBuildFile; fileRef = B5150E632BB1C88C0016EF33 /* ActivityListUI.h */; settings = {ATTRIBUTES = (Public, ); }; };
		B5150E762BB1C88D0016EF33 /* ActivityListUI.framework in Frameworks */ = {isa = PBXBuildFile; fileRef = B5150E612BB1C88C0016EF33 /* ActivityListUI.framework */; };
		B5150E772BB1C88D0016EF33 /* ActivityListUI.framework in Embed Frameworks */ = {isa = PBXBuildFile; fileRef = B5150E612BB1C88C0016EF33 /* ActivityListUI.framework */; settings = {ATTRIBUTES = (CodeSignOnCopy, RemoveHeadersOnCopy, ); }; };
		B5B399D12BB2A9F70084726F /* ActivityListDataLayer.docc in Sources */ = {isa = PBXBuildFile; fileRef = B5B399D02BB2A9F60084726F /* ActivityListDataLayer.docc */; };
		B5B399D72BB2A9F70084726F /* ActivityListDataLayer.framework in Frameworks */ = {isa = PBXBuildFile; fileRef = B5B399CD2BB2A9F60084726F /* ActivityListDataLayer.framework */; };
		B5B399DE2BB2A9F80084726F /* ActivityListDataLayerTests.swift in Sources */ = {isa = PBXBuildFile; fileRef = B5B399DD2BB2A9F80084726F /* ActivityListDataLayerTests.swift */; };
		B5B399DF2BB2A9F80084726F /* ActivityListDataLayer.h in Headers */ = {isa = PBXBuildFile; fileRef = B5B399CF2BB2A9F60084726F /* ActivityListDataLayer.h */; settings = {ATTRIBUTES = (Public, ); }; };
		B5B399E22BB2A9F80084726F /* ActivityListDataLayer.framework in Frameworks */ = {isa = PBXBuildFile; fileRef = B5B399CD2BB2A9F60084726F /* ActivityListDataLayer.framework */; };
		B5B399E32BB2A9F80084726F /* ActivityListDataLayer.framework in Embed Frameworks */ = {isa = PBXBuildFile; fileRef = B5B399CD2BB2A9F60084726F /* ActivityListDataLayer.framework */; settings = {ATTRIBUTES = (CodeSignOnCopy, RemoveHeadersOnCopy, ); }; };
/* End PBXBuildFile section */

/* Begin PBXContainerItemProxy section */
		B5150D722BB1ABA90016EF33 /* PBXContainerItemProxy */ = {
			isa = PBXContainerItemProxy;
			containerPortal = B5150D532BB1ABA60016EF33 /* Project object */;
			proxyType = 1;
			remoteGlobalIDString = B5150D5A2BB1ABA60016EF33;
			remoteInfo = ActivityList;
		};
		B5150D7C2BB1ABA90016EF33 /* PBXContainerItemProxy */ = {
			isa = PBXContainerItemProxy;
			containerPortal = B5150D532BB1ABA60016EF33 /* Project object */;
			proxyType = 1;
			remoteGlobalIDString = B5150D5A2BB1ABA60016EF33;
			remoteInfo = ActivityList;
		};
		B5150E302BB1BACA0016EF33 /* PBXContainerItemProxy */ = {
			isa = PBXContainerItemProxy;
			containerPortal = B5150D532BB1ABA60016EF33 /* Project object */;
			proxyType = 1;
			remoteGlobalIDString = B5150E242BB1BACA0016EF33;
			remoteInfo = ActivityListDomain;
		};
		B5150E322BB1BACA0016EF33 /* PBXContainerItemProxy */ = {
			isa = PBXContainerItemProxy;
			containerPortal = B5150D532BB1ABA60016EF33 /* Project object */;
			proxyType = 1;
			remoteGlobalIDString = B5150D5A2BB1ABA60016EF33;
			remoteInfo = ActivityList;
		};
		B5150E382BB1BACA0016EF33 /* PBXContainerItemProxy */ = {
			isa = PBXContainerItemProxy;
			containerPortal = B5150D532BB1ABA60016EF33 /* Project object */;
			proxyType = 1;
			remoteGlobalIDString = B5150E242BB1BACA0016EF33;
			remoteInfo = ActivityListDomain;
		};
		B5150E6C2BB1C88D0016EF33 /* PBXContainerItemProxy */ = {
			isa = PBXContainerItemProxy;
			containerPortal = B5150D532BB1ABA60016EF33 /* Project object */;
			proxyType = 1;
			remoteGlobalIDString = B5150E602BB1C88C0016EF33;
			remoteInfo = ActivityListUI;
		};
		B5150E6E2BB1C88D0016EF33 /* PBXContainerItemProxy */ = {
			isa = PBXContainerItemProxy;
			containerPortal = B5150D532BB1ABA60016EF33 /* Project object */;
			proxyType = 1;
			remoteGlobalIDString = B5150D5A2BB1ABA60016EF33;
			remoteInfo = ActivityList;
		};
		B5150E742BB1C88D0016EF33 /* PBXContainerItemProxy */ = {
			isa = PBXContainerItemProxy;
			containerPortal = B5150D532BB1ABA60016EF33 /* Project object */;
			proxyType = 1;
			remoteGlobalIDString = B5150E602BB1C88C0016EF33;
			remoteInfo = ActivityListUI;
		};
		B5B399D82BB2A9F70084726F /* PBXContainerItemProxy */ = {
			isa = PBXContainerItemProxy;
			containerPortal = B5150D532BB1ABA60016EF33 /* Project object */;
			proxyType = 1;
			remoteGlobalIDString = B5B399CC2BB2A9F60084726F;
			remoteInfo = ActivityListDataLayer;
		};
		B5B399DA2BB2A9F80084726F /* PBXContainerItemProxy */ = {
			isa = PBXContainerItemProxy;
			containerPortal = B5150D532BB1ABA60016EF33 /* Project object */;
			proxyType = 1;
			remoteGlobalIDString = B5150D5A2BB1ABA60016EF33;
			remoteInfo = ActivityList;
		};
		B5B399E02BB2A9F80084726F /* PBXContainerItemProxy */ = {
			isa = PBXContainerItemProxy;
			containerPortal = B5150D532BB1ABA60016EF33 /* Project object */;
			proxyType = 1;
			remoteGlobalIDString = B5B399CC2BB2A9F60084726F;
			remoteInfo = ActivityListDataLayer;
		};
/* End PBXContainerItemProxy section */

/* Begin PBXCopyFilesBuildPhase section */
		B5150DAD2BB1ACF30016EF33 /* Embed Frameworks */ = {
			isa = PBXCopyFilesBuildPhase;
			buildActionMask = 2147483647;
			dstPath = "";
			dstSubfolderSpec = 10;
			files = (
				B5150E772BB1C88D0016EF33 /* ActivityListUI.framework in Embed Frameworks */,
				B5B399E32BB2A9F80084726F /* ActivityListDataLayer.framework in Embed Frameworks */,
				B5150E3B2BB1BACA0016EF33 /* ActivityListDomain.framework in Embed Frameworks */,
			);
			name = "Embed Frameworks";
			runOnlyForDeploymentPostprocessing = 0;
		};
/* End PBXCopyFilesBuildPhase section */

/* Begin PBXFileReference section */
		B5150D5B2BB1ABA60016EF33 /* ActivityList.app */ = {isa = PBXFileReference; explicitFileType = wrapper.application; includeInIndex = 0; path = ActivityList.app; sourceTree = BUILT_PRODUCTS_DIR; };
		B5150D5E2BB1ABA60016EF33 /* AppDelegate.swift */ = {isa = PBXFileReference; lastKnownFileType = sourcecode.swift; path = AppDelegate.swift; sourceTree = "<group>"; };
		B5150D602BB1ABA60016EF33 /* SceneDelegate.swift */ = {isa = PBXFileReference; lastKnownFileType = sourcecode.swift; path = SceneDelegate.swift; sourceTree = "<group>"; };
		B5150D622BB1ABA60016EF33 /* ViewController.swift */ = {isa = PBXFileReference; lastKnownFileType = sourcecode.swift; path = ViewController.swift; sourceTree = "<group>"; };
		B5150D672BB1ABA80016EF33 /* Assets.xcassets */ = {isa = PBXFileReference; lastKnownFileType = folder.assetcatalog; path = Assets.xcassets; sourceTree = "<group>"; };
		B5150D6A2BB1ABA80016EF33 /* Base */ = {isa = PBXFileReference; lastKnownFileType = file.storyboard; name = Base; path = Base.lproj/LaunchScreen.storyboard; sourceTree = "<group>"; };
		B5150D6C2BB1ABA80016EF33 /* Info.plist */ = {isa = PBXFileReference; lastKnownFileType = text.plist.xml; path = Info.plist; sourceTree = "<group>"; };
		B5150D712BB1ABA90016EF33 /* ActivityListTests.xctest */ = {isa = PBXFileReference; explicitFileType = wrapper.cfbundle; includeInIndex = 0; path = ActivityListTests.xctest; sourceTree = BUILT_PRODUCTS_DIR; };
		B5150D752BB1ABA90016EF33 /* ActivityListTests.swift */ = {isa = PBXFileReference; lastKnownFileType = sourcecode.swift; path = ActivityListTests.swift; sourceTree = "<group>"; };
		B5150D7B2BB1ABA90016EF33 /* ActivityListUITests.xctest */ = {isa = PBXFileReference; explicitFileType = wrapper.cfbundle; includeInIndex = 0; path = ActivityListUITests.xctest; sourceTree = BUILT_PRODUCTS_DIR; };
		B5150D7F2BB1ABA90016EF33 /* ActivityListUITests.swift */ = {isa = PBXFileReference; lastKnownFileType = sourcecode.swift; path = ActivityListUITests.swift; sourceTree = "<group>"; };
		B5150D812BB1ABA90016EF33 /* ActivityListUITestsLaunchTests.swift */ = {isa = PBXFileReference; lastKnownFileType = sourcecode.swift; path = ActivityListUITestsLaunchTests.swift; sourceTree = "<group>"; };
		B5150E252BB1BACA0016EF33 /* ActivityListDomain.framework */ = {isa = PBXFileReference; explicitFileType = wrapper.framework; includeInIndex = 0; path = ActivityListDomain.framework; sourceTree = BUILT_PRODUCTS_DIR; };
		B5150E272BB1BACA0016EF33 /* ActivityListDomain.h */ = {isa = PBXFileReference; lastKnownFileType = sourcecode.c.h; path = ActivityListDomain.h; sourceTree = "<group>"; };
		B5150E282BB1BACA0016EF33 /* ActivityListDomain.docc */ = {isa = PBXFileReference; lastKnownFileType = folder.documentationcatalog; path = ActivityListDomain.docc; sourceTree = "<group>"; };
		B5150E2E2BB1BACA0016EF33 /* ActivityListDomainTests.xctest */ = {isa = PBXFileReference; explicitFileType = wrapper.cfbundle; includeInIndex = 0; path = ActivityListDomainTests.xctest; sourceTree = BUILT_PRODUCTS_DIR; };
		B5150E352BB1BACA0016EF33 /* ActivityListDomainTests.swift */ = {isa = PBXFileReference; lastKnownFileType = sourcecode.swift; path = ActivityListDomainTests.swift; sourceTree = "<group>"; };
		B5150E432BB1BB1F0016EF33 /* Task.swift */ = {isa = PBXFileReference; lastKnownFileType = sourcecode.swift; path = Task.swift; sourceTree = "<group>"; };
		B5150E462BB1BBAC0016EF33 /* TaskRepositoryProtocol.swift */ = {isa = PBXFileReference; lastKnownFileType = sourcecode.swift; path = TaskRepositoryProtocol.swift; sourceTree = "<group>"; };
		B5150E612BB1C88C0016EF33 /* ActivityListUI.framework */ = {isa = PBXFileReference; explicitFileType = wrapper.framework; includeInIndex = 0; path = ActivityListUI.framework; sourceTree = BUILT_PRODUCTS_DIR; };
		B5150E632BB1C88C0016EF33 /* ActivityListUI.h */ = {isa = PBXFileReference; lastKnownFileType = sourcecode.c.h; path = ActivityListUI.h; sourceTree = "<group>"; };
		B5150E642BB1C88D0016EF33 /* ActivityListUI.docc */ = {isa = PBXFileReference; lastKnownFileType = folder.documentationcatalog; path = ActivityListUI.docc; sourceTree = "<group>"; };
		B5150E6A2BB1C88D0016EF33 /* ActivityListUITests.xctest */ = {isa = PBXFileReference; explicitFileType = wrapper.cfbundle; includeInIndex = 0; path = ActivityListUITests.xctest; sourceTree = BUILT_PRODUCTS_DIR; };
		B5150E712BB1C88D0016EF33 /* ActivityListUITests.swift */ = {isa = PBXFileReference; lastKnownFileType = sourcecode.swift; path = ActivityListUITests.swift; sourceTree = "<group>"; };
		B5B399CD2BB2A9F60084726F /* ActivityListDataLayer.framework */ = {isa = PBXFileReference; explicitFileType = wrapper.framework; includeInIndex = 0; path = ActivityListDataLayer.framework; sourceTree = BUILT_PRODUCTS_DIR; };
		B5B399CF2BB2A9F60084726F /* ActivityListDataLayer.h */ = {isa = PBXFileReference; lastKnownFileType = sourcecode.c.h; path = ActivityListDataLayer.h; sourceTree = "<group>"; };
		B5B399D02BB2A9F60084726F /* ActivityListDataLayer.docc */ = {isa = PBXFileReference; lastKnownFileType = folder.documentationcatalog; path = ActivityListDataLayer.docc; sourceTree = "<group>"; };
		B5B399D62BB2A9F70084726F /* ActivityListDataLayerTests.xctest */ = {isa = PBXFileReference; explicitFileType = wrapper.cfbundle; includeInIndex = 0; path = ActivityListDataLayerTests.xctest; sourceTree = BUILT_PRODUCTS_DIR; };
		B5B399DD2BB2A9F80084726F /* ActivityListDataLayerTests.swift */ = {isa = PBXFileReference; lastKnownFileType = sourcecode.swift; path = ActivityListDataLayerTests.swift; sourceTree = "<group>"; };
/* End PBXFileReference section */

/* Begin PBXFrameworksBuildPhase section */
		B5150D582BB1ABA60016EF33 /* Frameworks */ = {
			isa = PBXFrameworksBuildPhase;
			buildActionMask = 2147483647;
			files = (
				B5150E762BB1C88D0016EF33 /* ActivityListUI.framework in Frameworks */,
				B5B399E22BB2A9F80084726F /* ActivityListDataLayer.framework in Frameworks */,
				B5150E3A2BB1BACA0016EF33 /* ActivityListDomain.framework in Frameworks */,
			);
			runOnlyForDeploymentPostprocessing = 0;
		};
		B5150D6E2BB1ABA90016EF33 /* Frameworks */ = {
			isa = PBXFrameworksBuildPhase;
			buildActionMask = 2147483647;
			files = (
			);
			runOnlyForDeploymentPostprocessing = 0;
		};
		B5150D782BB1ABA90016EF33 /* Frameworks */ = {
			isa = PBXFrameworksBuildPhase;
			buildActionMask = 2147483647;
			files = (
			);
			runOnlyForDeploymentPostprocessing = 0;
		};
		B5150E222BB1BACA0016EF33 /* Frameworks */ = {
			isa = PBXFrameworksBuildPhase;
			buildActionMask = 2147483647;
			files = (
			);
			runOnlyForDeploymentPostprocessing = 0;
		};
		B5150E2B2BB1BACA0016EF33 /* Frameworks */ = {
			isa = PBXFrameworksBuildPhase;
			buildActionMask = 2147483647;
			files = (
				B5150E2F2BB1BACA0016EF33 /* ActivityListDomain.framework in Frameworks */,
			);
			runOnlyForDeploymentPostprocessing = 0;
		};
		B5150E5E2BB1C88C0016EF33 /* Frameworks */ = {
			isa = PBXFrameworksBuildPhase;
			buildActionMask = 2147483647;
			files = (
			);
			runOnlyForDeploymentPostprocessing = 0;
		};
		B5150E672BB1C88D0016EF33 /* Frameworks */ = {
			isa = PBXFrameworksBuildPhase;
			buildActionMask = 2147483647;
			files = (
				B5150E6B2BB1C88D0016EF33 /* ActivityListUI.framework in Frameworks */,
			);
			runOnlyForDeploymentPostprocessing = 0;
		};
		B5B399CA2BB2A9F60084726F /* Frameworks */ = {
			isa = PBXFrameworksBuildPhase;
			buildActionMask = 2147483647;
			files = (
			);
			runOnlyForDeploymentPostprocessing = 0;
		};
		B5B399D32BB2A9F70084726F /* Frameworks */ = {
			isa = PBXFrameworksBuildPhase;
			buildActionMask = 2147483647;
			files = (
				B5B399D72BB2A9F70084726F /* ActivityListDataLayer.framework in Frameworks */,
			);
			runOnlyForDeploymentPostprocessing = 0;
		};
/* End PBXFrameworksBuildPhase section */

/* Begin PBXGroup section */
		B5150D522BB1ABA60016EF33 = {
			isa = PBXGroup;
			children = (
				B5150D5D2BB1ABA60016EF33 /* ActivityList */,
				B5150D742BB1ABA90016EF33 /* ActivityListTests */,
				B5150D7E2BB1ABA90016EF33 /* ActivityListUITests */,
				B5150E262BB1BACA0016EF33 /* ActivityListDomain */,
				B5150E342BB1BACA0016EF33 /* ActivityListDomainTests */,
				B5150E622BB1C88C0016EF33 /* ActivityListUI */,
				B5150E702BB1C88D0016EF33 /* ActivityListUITests */,
				B5B399CE2BB2A9F60084726F /* ActivityListDataLayer */,
				B5B399DC2BB2A9F80084726F /* ActivityListDataLayerTests */,
				B5150D5C2BB1ABA60016EF33 /* Products */,
			);
			sourceTree = "<group>";
		};
		B5150D5C2BB1ABA60016EF33 /* Products */ = {
			isa = PBXGroup;
			children = (
				B5150D5B2BB1ABA60016EF33 /* ActivityList.app */,
				B5150D712BB1ABA90016EF33 /* ActivityListTests.xctest */,
				B5150D7B2BB1ABA90016EF33 /* ActivityListUITests.xctest */,
				B5150E252BB1BACA0016EF33 /* ActivityListDomain.framework */,
				B5150E2E2BB1BACA0016EF33 /* ActivityListDomainTests.xctest */,
				B5150E612BB1C88C0016EF33 /* ActivityListUI.framework */,
				B5150E6A2BB1C88D0016EF33 /* ActivityListUITests.xctest */,
				B5B399CD2BB2A9F60084726F /* ActivityListDataLayer.framework */,
				B5B399D62BB2A9F70084726F /* ActivityListDataLayerTests.xctest */,
			);
			name = Products;
			sourceTree = "<group>";
		};
		B5150D5D2BB1ABA60016EF33 /* ActivityList */ = {
			isa = PBXGroup;
			children = (
				B5150D5E2BB1ABA60016EF33 /* AppDelegate.swift */,
				B5150D602BB1ABA60016EF33 /* SceneDelegate.swift */,
				B5150D622BB1ABA60016EF33 /* ViewController.swift */,
				B5150D672BB1ABA80016EF33 /* Assets.xcassets */,
				B5150D692BB1ABA80016EF33 /* LaunchScreen.storyboard */,
				B5150D6C2BB1ABA80016EF33 /* Info.plist */,
			);
			path = ActivityList;
			sourceTree = "<group>";
		};
		B5150D742BB1ABA90016EF33 /* ActivityListTests */ = {
			isa = PBXGroup;
			children = (
				B5150D752BB1ABA90016EF33 /* ActivityListTests.swift */,
			);
			path = ActivityListTests;
			sourceTree = "<group>";
		};
		B5150D7E2BB1ABA90016EF33 /* ActivityListUITests */ = {
			isa = PBXGroup;
			children = (
				B5150D7F2BB1ABA90016EF33 /* ActivityListUITests.swift */,
				B5150D812BB1ABA90016EF33 /* ActivityListUITestsLaunchTests.swift */,
			);
			path = ActivityListUITests;
			sourceTree = "<group>";
		};
		B5150E262BB1BACA0016EF33 /* ActivityListDomain */ = {
			isa = PBXGroup;
			children = (
				B5150E452BB1BB8C0016EF33 /* Repository */,
				B5150E422BB1BAD80016EF33 /* Tasks */,
				B5150E272BB1BACA0016EF33 /* ActivityListDomain.h */,
				B5150E282BB1BACA0016EF33 /* ActivityListDomain.docc */,
			);
			path = ActivityListDomain;
			sourceTree = "<group>";
		};
		B5150E342BB1BACA0016EF33 /* ActivityListDomainTests */ = {
			isa = PBXGroup;
			children = (
				B5150E352BB1BACA0016EF33 /* ActivityListDomainTests.swift */,
			);
			path = ActivityListDomainTests;
			sourceTree = "<group>";
		};
		B5150E422BB1BAD80016EF33 /* Tasks */ = {
			isa = PBXGroup;
			children = (
				B5150E432BB1BB1F0016EF33 /* Task.swift */,
			);
			path = Tasks;
			sourceTree = "<group>";
		};
		B5150E452BB1BB8C0016EF33 /* Repository */ = {
			isa = PBXGroup;
			children = (
				B5150E462BB1BBAC0016EF33 /* TaskRepositoryProtocol.swift */,
			);
			path = Repository;
			sourceTree = "<group>";
		};
		B5150E622BB1C88C0016EF33 /* ActivityListUI */ = {
			isa = PBXGroup;
			children = (
				B5150E632BB1C88C0016EF33 /* ActivityListUI.h */,
				B5150E642BB1C88D0016EF33 /* ActivityListUI.docc */,
			);
			path = ActivityListUI;
			sourceTree = "<group>";
		};
		B5150E702BB1C88D0016EF33 /* ActivityListUITests */ = {
			isa = PBXGroup;
			children = (
				B5150E712BB1C88D0016EF33 /* ActivityListUITests.swift */,
			);
			path = ActivityListUITests;
			sourceTree = "<group>";
		};
		B5B399CE2BB2A9F60084726F /* ActivityListDataLayer */ = {
			isa = PBXGroup;
			children = (
				B5B399CF2BB2A9F60084726F /* ActivityListDataLayer.h */,
				B5B399D02BB2A9F60084726F /* ActivityListDataLayer.docc */,
			);
			path = ActivityListDataLayer;
			sourceTree = "<group>";
		};
		B5B399DC2BB2A9F80084726F /* ActivityListDataLayerTests */ = {
			isa = PBXGroup;
			children = (
				B5B399DD2BB2A9F80084726F /* ActivityListDataLayerTests.swift */,
			);
			path = ActivityListDataLayerTests;
			sourceTree = "<group>";
		};
/* End PBXGroup section */

/* Begin PBXHeadersBuildPhase section */
		B5150E202BB1BACA0016EF33 /* Headers */ = {
			isa = PBXHeadersBuildPhase;
			buildActionMask = 2147483647;
			files = (
				B5150E372BB1BACA0016EF33 /* ActivityListDomain.h in Headers */,
			);
			runOnlyForDeploymentPostprocessing = 0;
		};
		B5150E5C2BB1C88C0016EF33 /* Headers */ = {
			isa = PBXHeadersBuildPhase;
			buildActionMask = 2147483647;
			files = (
				B5150E732BB1C88D0016EF33 /* ActivityListUI.h in Headers */,
			);
			runOnlyForDeploymentPostprocessing = 0;
		};
		B5B399C82BB2A9F60084726F /* Headers */ = {
			isa = PBXHeadersBuildPhase;
			buildActionMask = 2147483647;
			files = (
				B5B399DF2BB2A9F80084726F /* ActivityListDataLayer.h in Headers */,
			);
			runOnlyForDeploymentPostprocessing = 0;
		};
/* End PBXHeadersBuildPhase section */

/* Begin PBXNativeTarget section */
		B5150D5A2BB1ABA60016EF33 /* ActivityList */ = {
			isa = PBXNativeTarget;
			buildConfigurationList = B5150D852BB1ABA90016EF33 /* Build configuration list for PBXNativeTarget "ActivityList" */;
			buildPhases = (
				B5150D572BB1ABA60016EF33 /* Sources */,
				B5150D582BB1ABA60016EF33 /* Frameworks */,
				B5150D592BB1ABA60016EF33 /* Resources */,
				B5150DAD2BB1ACF30016EF33 /* Embed Frameworks */,
			);
			buildRules = (
			);
			dependencies = (
				B5150E392BB1BACA0016EF33 /* PBXTargetDependency */,
				B5150E752BB1C88D0016EF33 /* PBXTargetDependency */,
				B5B399E12BB2A9F80084726F /* PBXTargetDependency */,
			);
			name = ActivityList;
			productName = ActivityList;
			productReference = B5150D5B2BB1ABA60016EF33 /* ActivityList.app */;
			productType = "com.apple.product-type.application";
		};
		B5150D702BB1ABA90016EF33 /* ActivityListTests */ = {
			isa = PBXNativeTarget;
			buildConfigurationList = B5150D882BB1ABA90016EF33 /* Build configuration list for PBXNativeTarget "ActivityListTests" */;
			buildPhases = (
				B5150D6D2BB1ABA90016EF33 /* Sources */,
				B5150D6E2BB1ABA90016EF33 /* Frameworks */,
				B5150D6F2BB1ABA90016EF33 /* Resources */,
			);
			buildRules = (
			);
			dependencies = (
				B5150D732BB1ABA90016EF33 /* PBXTargetDependency */,
			);
			name = ActivityListTests;
			productName = ActivityListTests;
			productReference = B5150D712BB1ABA90016EF33 /* ActivityListTests.xctest */;
			productType = "com.apple.product-type.bundle.unit-test";
		};
		B5150D7A2BB1ABA90016EF33 /* ActivityListUITests */ = {
			isa = PBXNativeTarget;
			buildConfigurationList = B5150D8B2BB1ABA90016EF33 /* Build configuration list for PBXNativeTarget "ActivityListUITests" */;
			buildPhases = (
				B5150D772BB1ABA90016EF33 /* Sources */,
				B5150D782BB1ABA90016EF33 /* Frameworks */,
				B5150D792BB1ABA90016EF33 /* Resources */,
			);
			buildRules = (
			);
			dependencies = (
				B5150D7D2BB1ABA90016EF33 /* PBXTargetDependency */,
			);
			name = ActivityListUITests;
			productName = ActivityListUITests;
			productReference = B5150D7B2BB1ABA90016EF33 /* ActivityListUITests.xctest */;
			productType = "com.apple.product-type.bundle.ui-testing";
		};
		B5150E242BB1BACA0016EF33 /* ActivityListDomain */ = {
			isa = PBXNativeTarget;
			buildConfigurationList = B5150E3C2BB1BACA0016EF33 /* Build configuration list for PBXNativeTarget "ActivityListDomain" */;
			buildPhases = (
				B5150E202BB1BACA0016EF33 /* Headers */,
				B5150E212BB1BACA0016EF33 /* Sources */,
				B5150E222BB1BACA0016EF33 /* Frameworks */,
				B5150E232BB1BACA0016EF33 /* Resources */,
			);
			buildRules = (
			);
			dependencies = (
			);
			name = ActivityListDomain;
			productName = ActivityListDomain;
			productReference = B5150E252BB1BACA0016EF33 /* ActivityListDomain.framework */;
			productType = "com.apple.product-type.framework";
		};
		B5150E2D2BB1BACA0016EF33 /* ActivityListDomainTests */ = {
			isa = PBXNativeTarget;
			buildConfigurationList = B5150E3F2BB1BACA0016EF33 /* Build configuration list for PBXNativeTarget "ActivityListDomainTests" */;
			buildPhases = (
				B5150E2A2BB1BACA0016EF33 /* Sources */,
				B5150E2B2BB1BACA0016EF33 /* Frameworks */,
				B5150E2C2BB1BACA0016EF33 /* Resources */,
			);
			buildRules = (
			);
			dependencies = (
				B5150E312BB1BACA0016EF33 /* PBXTargetDependency */,
				B5150E332BB1BACA0016EF33 /* PBXTargetDependency */,
			);
			name = ActivityListDomainTests;
			productName = ActivityListDomainTests;
			productReference = B5150E2E2BB1BACA0016EF33 /* ActivityListDomainTests.xctest */;
			productType = "com.apple.product-type.bundle.unit-test";
		};
		B5150E602BB1C88C0016EF33 /* ActivityListUI */ = {
			isa = PBXNativeTarget;
			buildConfigurationList = B5150E782BB1C88D0016EF33 /* Build configuration list for PBXNativeTarget "ActivityListUI" */;
			buildPhases = (
				B5150E5C2BB1C88C0016EF33 /* Headers */,
				B5150E5D2BB1C88C0016EF33 /* Sources */,
				B5150E5E2BB1C88C0016EF33 /* Frameworks */,
				B5150E5F2BB1C88C0016EF33 /* Resources */,
			);
			buildRules = (
			);
			dependencies = (
			);
			name = ActivityListUI;
			productName = ActivityListUI;
			productReference = B5150E612BB1C88C0016EF33 /* ActivityListUI.framework */;
			productType = "com.apple.product-type.framework";
		};
		B5150E692BB1C88D0016EF33 /* ActivityListUITests */ = {
			isa = PBXNativeTarget;
			buildConfigurationList = B5150E7B2BB1C88D0016EF33 /* Build configuration list for PBXNativeTarget "ActivityListUITests" */;
			buildPhases = (
				B5150E662BB1C88D0016EF33 /* Sources */,
				B5150E672BB1C88D0016EF33 /* Frameworks */,
				B5150E682BB1C88D0016EF33 /* Resources */,
			);
			buildRules = (
			);
			dependencies = (
				B5150E6D2BB1C88D0016EF33 /* PBXTargetDependency */,
				B5150E6F2BB1C88D0016EF33 /* PBXTargetDependency */,
			);
			name = ActivityListUITests;
			productName = ActivityListUITests;
			productReference = B5150E6A2BB1C88D0016EF33 /* ActivityListUITests.xctest */;
			productType = "com.apple.product-type.bundle.unit-test";
		};
		B5B399CC2BB2A9F60084726F /* ActivityListDataLayer */ = {
			isa = PBXNativeTarget;
			buildConfigurationList = B5B399E42BB2A9F90084726F /* Build configuration list for PBXNativeTarget "ActivityListDataLayer" */;
			buildPhases = (
				B5B399C82BB2A9F60084726F /* Headers */,
				B5B399C92BB2A9F60084726F /* Sources */,
				B5B399CA2BB2A9F60084726F /* Frameworks */,
				B5B399CB2BB2A9F60084726F /* Resources */,
			);
			buildRules = (
			);
			dependencies = (
			);
			name = ActivityListDataLayer;
			productName = ActivityListDataLayer;
			productReference = B5B399CD2BB2A9F60084726F /* ActivityListDataLayer.framework */;
			productType = "com.apple.product-type.framework";
		};
		B5B399D52BB2A9F70084726F /* ActivityListDataLayerTests */ = {
			isa = PBXNativeTarget;
			buildConfigurationList = B5B399E72BB2A9F90084726F /* Build configuration list for PBXNativeTarget "ActivityListDataLayerTests" */;
			buildPhases = (
				B5B399D22BB2A9F70084726F /* Sources */,
				B5B399D32BB2A9F70084726F /* Frameworks */,
				B5B399D42BB2A9F70084726F /* Resources */,
			);
			buildRules = (
			);
			dependencies = (
				B5B399D92BB2A9F70084726F /* PBXTargetDependency */,
				B5B399DB2BB2A9F80084726F /* PBXTargetDependency */,
			);
			name = ActivityListDataLayerTests;
			productName = ActivityListDataLayerTests;
			productReference = B5B399D62BB2A9F70084726F /* ActivityListDataLayerTests.xctest */;
			productType = "com.apple.product-type.bundle.unit-test";
		};
/* End PBXNativeTarget section */

/* Begin PBXProject section */
		B5150D532BB1ABA60016EF33 /* Project object */ = {
			isa = PBXProject;
			attributes = {
				BuildIndependentTargetsInParallel = 1;
				LastSwiftUpdateCheck = 1520;
				LastUpgradeCheck = 1520;
				TargetAttributes = {
					B5150D5A2BB1ABA60016EF33 = {
						CreatedOnToolsVersion = 15.2;
					};
					B5150D702BB1ABA90016EF33 = {
						CreatedOnToolsVersion = 15.2;
						TestTargetID = B5150D5A2BB1ABA60016EF33;
					};
					B5150D7A2BB1ABA90016EF33 = {
						CreatedOnToolsVersion = 15.2;
						TestTargetID = B5150D5A2BB1ABA60016EF33;
					};
					B5150E242BB1BACA0016EF33 = {
						CreatedOnToolsVersion = 15.2;
					};
					B5150E2D2BB1BACA0016EF33 = {
						CreatedOnToolsVersion = 15.2;
						TestTargetID = B5150D5A2BB1ABA60016EF33;
					};
					B5150E602BB1C88C0016EF33 = {
						CreatedOnToolsVersion = 15.2;
					};
					B5150E692BB1C88D0016EF33 = {
						CreatedOnToolsVersion = 15.2;
						TestTargetID = B5150D5A2BB1ABA60016EF33;
					};
					B5B399CC2BB2A9F60084726F = {
						CreatedOnToolsVersion = 15.2;
					};
					B5B399D52BB2A9F70084726F = {
						CreatedOnToolsVersion = 15.2;
						TestTargetID = B5150D5A2BB1ABA60016EF33;
					};
				};
			};
			buildConfigurationList = B5150D562BB1ABA60016EF33 /* Build configuration list for PBXProject "ActivityList" */;
			compatibilityVersion = "Xcode 14.0";
			developmentRegion = en;
			hasScannedForEncodings = 0;
			knownRegions = (
				en,
				Base,
			);
			mainGroup = B5150D522BB1ABA60016EF33;
			productRefGroup = B5150D5C2BB1ABA60016EF33 /* Products */;
			projectDirPath = "";
			projectRoot = "";
			targets = (
				B5150D5A2BB1ABA60016EF33 /* ActivityList */,
				B5150D702BB1ABA90016EF33 /* ActivityListTests */,
				B5150D7A2BB1ABA90016EF33 /* ActivityListUITests */,
				B5150E242BB1BACA0016EF33 /* ActivityListDomain */,
				B5150E2D2BB1BACA0016EF33 /* ActivityListDomainTests */,
				B5150E602BB1C88C0016EF33 /* ActivityListUI */,
				B5150E692BB1C88D0016EF33 /* ActivityListUITests */,
				B5B399CC2BB2A9F60084726F /* ActivityListDataLayer */,
				B5B399D52BB2A9F70084726F /* ActivityListDataLayerTests */,
			);
		};
/* End PBXProject section */

/* Begin PBXResourcesBuildPhase section */
		B5150D592BB1ABA60016EF33 /* Resources */ = {
			isa = PBXResourcesBuildPhase;
			buildActionMask = 2147483647;
			files = (
				B5150D6B2BB1ABA80016EF33 /* LaunchScreen.storyboard in Resources */,
				B5150D682BB1ABA80016EF33 /* Assets.xcassets in Resources */,
			);
			runOnlyForDeploymentPostprocessing = 0;
		};
		B5150D6F2BB1ABA90016EF33 /* Resources */ = {
			isa = PBXResourcesBuildPhase;
			buildActionMask = 2147483647;
			files = (
			);
			runOnlyForDeploymentPostprocessing = 0;
		};
		B5150D792BB1ABA90016EF33 /* Resources */ = {
			isa = PBXResourcesBuildPhase;
			buildActionMask = 2147483647;
			files = (
			);
			runOnlyForDeploymentPostprocessing = 0;
		};
		B5150E232BB1BACA0016EF33 /* Resources */ = {
			isa = PBXResourcesBuildPhase;
			buildActionMask = 2147483647;
			files = (
			);
			runOnlyForDeploymentPostprocessing = 0;
		};
		B5150E2C2BB1BACA0016EF33 /* Resources */ = {
			isa = PBXResourcesBuildPhase;
			buildActionMask = 2147483647;
			files = (
			);
			runOnlyForDeploymentPostprocessing = 0;
		};
		B5150E5F2BB1C88C0016EF33 /* Resources */ = {
			isa = PBXResourcesBuildPhase;
			buildActionMask = 2147483647;
			files = (
			);
			runOnlyForDeploymentPostprocessing = 0;
		};
		B5150E682BB1C88D0016EF33 /* Resources */ = {
			isa = PBXResourcesBuildPhase;
			buildActionMask = 2147483647;
			files = (
			);
			runOnlyForDeploymentPostprocessing = 0;
		};
		B5B399CB2BB2A9F60084726F /* Resources */ = {
			isa = PBXResourcesBuildPhase;
			buildActionMask = 2147483647;
			files = (
			);
			runOnlyForDeploymentPostprocessing = 0;
		};
		B5B399D42BB2A9F70084726F /* Resources */ = {
			isa = PBXResourcesBuildPhase;
			buildActionMask = 2147483647;
			files = (
			);
			runOnlyForDeploymentPostprocessing = 0;
		};
/* End PBXResourcesBuildPhase section */

/* Begin PBXSourcesBuildPhase section */
		B5150D572BB1ABA60016EF33 /* Sources */ = {
			isa = PBXSourcesBuildPhase;
			buildActionMask = 2147483647;
			files = (
				B5150D632BB1ABA60016EF33 /* ViewController.swift in Sources */,
				B5150D5F2BB1ABA60016EF33 /* AppDelegate.swift in Sources */,
				B5150D612BB1ABA60016EF33 /* SceneDelegate.swift in Sources */,
			);
			runOnlyForDeploymentPostprocessing = 0;
		};
		B5150D6D2BB1ABA90016EF33 /* Sources */ = {
			isa = PBXSourcesBuildPhase;
			buildActionMask = 2147483647;
			files = (
				B5150D762BB1ABA90016EF33 /* ActivityListTests.swift in Sources */,
			);
			runOnlyForDeploymentPostprocessing = 0;
		};
		B5150D772BB1ABA90016EF33 /* Sources */ = {
			isa = PBXSourcesBuildPhase;
			buildActionMask = 2147483647;
			files = (
				B5150D802BB1ABA90016EF33 /* ActivityListUITests.swift in Sources */,
				B5150D822BB1ABA90016EF33 /* ActivityListUITestsLaunchTests.swift in Sources */,
			);
			runOnlyForDeploymentPostprocessing = 0;
		};
		B5150E212BB1BACA0016EF33 /* Sources */ = {
			isa = PBXSourcesBuildPhase;
			buildActionMask = 2147483647;
			files = (
				B5150E442BB1BB1F0016EF33 /* Task.swift in Sources */,
				B5150E292BB1BACA0016EF33 /* ActivityListDomain.docc in Sources */,
				B5150E472BB1BBAC0016EF33 /* TaskRepositoryProtocol.swift in Sources */,
			);
			runOnlyForDeploymentPostprocessing = 0;
		};
		B5150E2A2BB1BACA0016EF33 /* Sources */ = {
			isa = PBXSourcesBuildPhase;
			buildActionMask = 2147483647;
			files = (
				B5150E362BB1BACA0016EF33 /* ActivityListDomainTests.swift in Sources */,
			);
			runOnlyForDeploymentPostprocessing = 0;
		};
		B5150E5D2BB1C88C0016EF33 /* Sources */ = {
			isa = PBXSourcesBuildPhase;
			buildActionMask = 2147483647;
			files = (
				B5150E652BB1C88D0016EF33 /* ActivityListUI.docc in Sources */,
			);
			runOnlyForDeploymentPostprocessing = 0;
		};
		B5150E662BB1C88D0016EF33 /* Sources */ = {
			isa = PBXSourcesBuildPhase;
			buildActionMask = 2147483647;
			files = (
				B5150E722BB1C88D0016EF33 /* ActivityListUITests.swift in Sources */,
			);
			runOnlyForDeploymentPostprocessing = 0;
		};
		B5B399C92BB2A9F60084726F /* Sources */ = {
			isa = PBXSourcesBuildPhase;
			buildActionMask = 2147483647;
			files = (
				B5B399D12BB2A9F70084726F /* ActivityListDataLayer.docc in Sources */,
			);
			runOnlyForDeploymentPostprocessing = 0;
		};
		B5B399D22BB2A9F70084726F /* Sources */ = {
			isa = PBXSourcesBuildPhase;
			buildActionMask = 2147483647;
			files = (
				B5B399DE2BB2A9F80084726F /* ActivityListDataLayerTests.swift in Sources */,
			);
			runOnlyForDeploymentPostprocessing = 0;
		};
/* End PBXSourcesBuildPhase section */

/* Begin PBXTargetDependency section */
		B5150D732BB1ABA90016EF33 /* PBXTargetDependency */ = {
			isa = PBXTargetDependency;
			target = B5150D5A2BB1ABA60016EF33 /* ActivityList */;
			targetProxy = B5150D722BB1ABA90016EF33 /* PBXContainerItemProxy */;
		};
		B5150D7D2BB1ABA90016EF33 /* PBXTargetDependency */ = {
			isa = PBXTargetDependency;
			target = B5150D5A2BB1ABA60016EF33 /* ActivityList */;
			targetProxy = B5150D7C2BB1ABA90016EF33 /* PBXContainerItemProxy */;
		};
		B5150E312BB1BACA0016EF33 /* PBXTargetDependency */ = {
			isa = PBXTargetDependency;
			target = B5150E242BB1BACA0016EF33 /* ActivityListDomain */;
			targetProxy = B5150E302BB1BACA0016EF33 /* PBXContainerItemProxy */;
		};
		B5150E332BB1BACA0016EF33 /* PBXTargetDependency */ = {
			isa = PBXTargetDependency;
			target = B5150D5A2BB1ABA60016EF33 /* ActivityList */;
			targetProxy = B5150E322BB1BACA0016EF33 /* PBXContainerItemProxy */;
		};
		B5150E392BB1BACA0016EF33 /* PBXTargetDependency */ = {
			isa = PBXTargetDependency;
			target = B5150E242BB1BACA0016EF33 /* ActivityListDomain */;
			targetProxy = B5150E382BB1BACA0016EF33 /* PBXContainerItemProxy */;
		};
		B5150E6D2BB1C88D0016EF33 /* PBXTargetDependency */ = {
			isa = PBXTargetDependency;
			target = B5150E602BB1C88C0016EF33 /* ActivityListUI */;
			targetProxy = B5150E6C2BB1C88D0016EF33 /* PBXContainerItemProxy */;
		};
		B5150E6F2BB1C88D0016EF33 /* PBXTargetDependency */ = {
			isa = PBXTargetDependency;
			target = B5150D5A2BB1ABA60016EF33 /* ActivityList */;
			targetProxy = B5150E6E2BB1C88D0016EF33 /* PBXContainerItemProxy */;
		};
		B5150E752BB1C88D0016EF33 /* PBXTargetDependency */ = {
			isa = PBXTargetDependency;
			target = B5150E602BB1C88C0016EF33 /* ActivityListUI */;
			targetProxy = B5150E742BB1C88D0016EF33 /* PBXContainerItemProxy */;
		};
		B5B399D92BB2A9F70084726F /* PBXTargetDependency */ = {
			isa = PBXTargetDependency;
			target = B5B399CC2BB2A9F60084726F /* ActivityListDataLayer */;
			targetProxy = B5B399D82BB2A9F70084726F /* PBXContainerItemProxy */;
		};
		B5B399DB2BB2A9F80084726F /* PBXTargetDependency */ = {
			isa = PBXTargetDependency;
			target = B5150D5A2BB1ABA60016EF33 /* ActivityList */;
			targetProxy = B5B399DA2BB2A9F80084726F /* PBXContainerItemProxy */;
		};
		B5B399E12BB2A9F80084726F /* PBXTargetDependency */ = {
			isa = PBXTargetDependency;
			target = B5B399CC2BB2A9F60084726F /* ActivityListDataLayer */;
			targetProxy = B5B399E02BB2A9F80084726F /* PBXContainerItemProxy */;
		};
/* End PBXTargetDependency section */

/* Begin PBXVariantGroup section */
		B5150D692BB1ABA80016EF33 /* LaunchScreen.storyboard */ = {
			isa = PBXVariantGroup;
			children = (
				B5150D6A2BB1ABA80016EF33 /* Base */,
			);
			name = LaunchScreen.storyboard;
			sourceTree = "<group>";
		};
/* End PBXVariantGroup section */

/* Begin XCBuildConfiguration section */
		B5150D832BB1ABA90016EF33 /* Debug */ = {
			isa = XCBuildConfiguration;
			buildSettings = {
				ALWAYS_SEARCH_USER_PATHS = NO;
				ASSETCATALOG_COMPILER_GENERATE_SWIFT_ASSET_SYMBOL_EXTENSIONS = YES;
				CLANG_ANALYZER_NONNULL = YES;
				CLANG_ANALYZER_NUMBER_OBJECT_CONVERSION = YES_AGGRESSIVE;
				CLANG_CXX_LANGUAGE_STANDARD = "gnu++20";
				CLANG_ENABLE_MODULES = YES;
				CLANG_ENABLE_OBJC_ARC = YES;
				CLANG_ENABLE_OBJC_WEAK = YES;
				CLANG_WARN_BLOCK_CAPTURE_AUTORELEASING = YES;
				CLANG_WARN_BOOL_CONVERSION = YES;
				CLANG_WARN_COMMA = YES;
				CLANG_WARN_CONSTANT_CONVERSION = YES;
				CLANG_WARN_DEPRECATED_OBJC_IMPLEMENTATIONS = YES;
				CLANG_WARN_DIRECT_OBJC_ISA_USAGE = YES_ERROR;
				CLANG_WARN_DOCUMENTATION_COMMENTS = YES;
				CLANG_WARN_EMPTY_BODY = YES;
				CLANG_WARN_ENUM_CONVERSION = YES;
				CLANG_WARN_INFINITE_RECURSION = YES;
				CLANG_WARN_INT_CONVERSION = YES;
				CLANG_WARN_NON_LITERAL_NULL_CONVERSION = YES;
				CLANG_WARN_OBJC_IMPLICIT_RETAIN_SELF = YES;
				CLANG_WARN_OBJC_LITERAL_CONVERSION = YES;
				CLANG_WARN_OBJC_ROOT_CLASS = YES_ERROR;
				CLANG_WARN_QUOTED_INCLUDE_IN_FRAMEWORK_HEADER = YES;
				CLANG_WARN_RANGE_LOOP_ANALYSIS = YES;
				CLANG_WARN_STRICT_PROTOTYPES = YES;
				CLANG_WARN_SUSPICIOUS_MOVE = YES;
				CLANG_WARN_UNGUARDED_AVAILABILITY = YES_AGGRESSIVE;
				CLANG_WARN_UNREACHABLE_CODE = YES;
				CLANG_WARN__DUPLICATE_METHOD_MATCH = YES;
				COPY_PHASE_STRIP = NO;
				DEBUG_INFORMATION_FORMAT = dwarf;
				ENABLE_STRICT_OBJC_MSGSEND = YES;
				ENABLE_TESTABILITY = YES;
				ENABLE_USER_SCRIPT_SANDBOXING = YES;
				GCC_C_LANGUAGE_STANDARD = gnu17;
				GCC_DYNAMIC_NO_PIC = NO;
				GCC_NO_COMMON_BLOCKS = YES;
				GCC_OPTIMIZATION_LEVEL = 0;
				GCC_PREPROCESSOR_DEFINITIONS = (
					"DEBUG=1",
					"$(inherited)",
				);
				GCC_WARN_64_TO_32_BIT_CONVERSION = YES;
				GCC_WARN_ABOUT_RETURN_TYPE = YES_ERROR;
				GCC_WARN_UNDECLARED_SELECTOR = YES;
				GCC_WARN_UNINITIALIZED_AUTOS = YES_AGGRESSIVE;
				GCC_WARN_UNUSED_FUNCTION = YES;
				GCC_WARN_UNUSED_VARIABLE = YES;
				IPHONEOS_DEPLOYMENT_TARGET = 17.2;
				LOCALIZATION_PREFERS_STRING_CATALOGS = YES;
				MTL_ENABLE_DEBUG_INFO = INCLUDE_SOURCE;
				MTL_FAST_MATH = YES;
				ONLY_ACTIVE_ARCH = YES;
				SDKROOT = iphoneos;
				SWIFT_ACTIVE_COMPILATION_CONDITIONS = "DEBUG $(inherited)";
				SWIFT_OPTIMIZATION_LEVEL = "-Onone";
			};
			name = Debug;
		};
		B5150D842BB1ABA90016EF33 /* Release */ = {
			isa = XCBuildConfiguration;
			buildSettings = {
				ALWAYS_SEARCH_USER_PATHS = NO;
				ASSETCATALOG_COMPILER_GENERATE_SWIFT_ASSET_SYMBOL_EXTENSIONS = YES;
				CLANG_ANALYZER_NONNULL = YES;
				CLANG_ANALYZER_NUMBER_OBJECT_CONVERSION = YES_AGGRESSIVE;
				CLANG_CXX_LANGUAGE_STANDARD = "gnu++20";
				CLANG_ENABLE_MODULES = YES;
				CLANG_ENABLE_OBJC_ARC = YES;
				CLANG_ENABLE_OBJC_WEAK = YES;
				CLANG_WARN_BLOCK_CAPTURE_AUTORELEASING = YES;
				CLANG_WARN_BOOL_CONVERSION = YES;
				CLANG_WARN_COMMA = YES;
				CLANG_WARN_CONSTANT_CONVERSION = YES;
				CLANG_WARN_DEPRECATED_OBJC_IMPLEMENTATIONS = YES;
				CLANG_WARN_DIRECT_OBJC_ISA_USAGE = YES_ERROR;
				CLANG_WARN_DOCUMENTATION_COMMENTS = YES;
				CLANG_WARN_EMPTY_BODY = YES;
				CLANG_WARN_ENUM_CONVERSION = YES;
				CLANG_WARN_INFINITE_RECURSION = YES;
				CLANG_WARN_INT_CONVERSION = YES;
				CLANG_WARN_NON_LITERAL_NULL_CONVERSION = YES;
				CLANG_WARN_OBJC_IMPLICIT_RETAIN_SELF = YES;
				CLANG_WARN_OBJC_LITERAL_CONVERSION = YES;
				CLANG_WARN_OBJC_ROOT_CLASS = YES_ERROR;
				CLANG_WARN_QUOTED_INCLUDE_IN_FRAMEWORK_HEADER = YES;
				CLANG_WARN_RANGE_LOOP_ANALYSIS = YES;
				CLANG_WARN_STRICT_PROTOTYPES = YES;
				CLANG_WARN_SUSPICIOUS_MOVE = YES;
				CLANG_WARN_UNGUARDED_AVAILABILITY = YES_AGGRESSIVE;
				CLANG_WARN_UNREACHABLE_CODE = YES;
				CLANG_WARN__DUPLICATE_METHOD_MATCH = YES;
				COPY_PHASE_STRIP = NO;
				DEBUG_INFORMATION_FORMAT = "dwarf-with-dsym";
				ENABLE_NS_ASSERTIONS = NO;
				ENABLE_STRICT_OBJC_MSGSEND = YES;
				ENABLE_USER_SCRIPT_SANDBOXING = YES;
				GCC_C_LANGUAGE_STANDARD = gnu17;
				GCC_NO_COMMON_BLOCKS = YES;
				GCC_WARN_64_TO_32_BIT_CONVERSION = YES;
				GCC_WARN_ABOUT_RETURN_TYPE = YES_ERROR;
				GCC_WARN_UNDECLARED_SELECTOR = YES;
				GCC_WARN_UNINITIALIZED_AUTOS = YES_AGGRESSIVE;
				GCC_WARN_UNUSED_FUNCTION = YES;
				GCC_WARN_UNUSED_VARIABLE = YES;
				IPHONEOS_DEPLOYMENT_TARGET = 17.2;
				LOCALIZATION_PREFERS_STRING_CATALOGS = YES;
				MTL_ENABLE_DEBUG_INFO = NO;
				MTL_FAST_MATH = YES;
				SDKROOT = iphoneos;
				SWIFT_COMPILATION_MODE = wholemodule;
				VALIDATE_PRODUCT = YES;
			};
			name = Release;
		};
		B5150D862BB1ABA90016EF33 /* Debug */ = {
			isa = XCBuildConfiguration;
			buildSettings = {
				ALWAYS_EMBED_SWIFT_STANDARD_LIBRARIES = YES;
				ASSETCATALOG_COMPILER_APPICON_NAME = AppIcon;
				ASSETCATALOG_COMPILER_GLOBAL_ACCENT_COLOR_NAME = AccentColor;
				CODE_SIGN_STYLE = Automatic;
				CURRENT_PROJECT_VERSION = 1;
				GENERATE_INFOPLIST_FILE = YES;
				INFOPLIST_FILE = ActivityList/Info.plist;
				INFOPLIST_KEY_UIApplicationSupportsIndirectInputEvents = YES;
				INFOPLIST_KEY_UILaunchStoryboardName = LaunchScreen;
				INFOPLIST_KEY_UIMainStoryboardFile = Main;
				INFOPLIST_KEY_UISupportedInterfaceOrientations_iPad = "UIInterfaceOrientationPortrait UIInterfaceOrientationPortraitUpsideDown UIInterfaceOrientationLandscapeLeft UIInterfaceOrientationLandscapeRight";
				INFOPLIST_KEY_UISupportedInterfaceOrientations_iPhone = "UIInterfaceOrientationPortrait UIInterfaceOrientationLandscapeLeft UIInterfaceOrientationLandscapeRight";
				LD_RUNPATH_SEARCH_PATHS = (
					"$(inherited)",
					"@executable_path/Frameworks",
				);
				MARKETING_VERSION = 1.0;
				PRODUCT_BUNDLE_IDENTIFIER = com.ActivityList;
				PRODUCT_NAME = "$(TARGET_NAME)";
				SWIFT_EMIT_LOC_STRINGS = YES;
				SWIFT_VERSION = 5.0;
				TARGETED_DEVICE_FAMILY = "1,2";
			};
			name = Debug;
		};
		B5150D872BB1ABA90016EF33 /* Release */ = {
			isa = XCBuildConfiguration;
			buildSettings = {
				ALWAYS_EMBED_SWIFT_STANDARD_LIBRARIES = YES;
				ASSETCATALOG_COMPILER_APPICON_NAME = AppIcon;
				ASSETCATALOG_COMPILER_GLOBAL_ACCENT_COLOR_NAME = AccentColor;
				CODE_SIGN_STYLE = Automatic;
				CURRENT_PROJECT_VERSION = 1;
				GENERATE_INFOPLIST_FILE = YES;
				INFOPLIST_FILE = ActivityList/Info.plist;
				INFOPLIST_KEY_UIApplicationSupportsIndirectInputEvents = YES;
				INFOPLIST_KEY_UILaunchStoryboardName = LaunchScreen;
				INFOPLIST_KEY_UIMainStoryboardFile = Main;
				INFOPLIST_KEY_UISupportedInterfaceOrientations_iPad = "UIInterfaceOrientationPortrait UIInterfaceOrientationPortraitUpsideDown UIInterfaceOrientationLandscapeLeft UIInterfaceOrientationLandscapeRight";
				INFOPLIST_KEY_UISupportedInterfaceOrientations_iPhone = "UIInterfaceOrientationPortrait UIInterfaceOrientationLandscapeLeft UIInterfaceOrientationLandscapeRight";
				LD_RUNPATH_SEARCH_PATHS = (
					"$(inherited)",
					"@executable_path/Frameworks",
				);
				MARKETING_VERSION = 1.0;
				PRODUCT_BUNDLE_IDENTIFIER = com.ActivityList;
				PRODUCT_NAME = "$(TARGET_NAME)";
				SWIFT_EMIT_LOC_STRINGS = YES;
				SWIFT_VERSION = 5.0;
				TARGETED_DEVICE_FAMILY = "1,2";
			};
			name = Release;
		};
		B5150D892BB1ABA90016EF33 /* Debug */ = {
			isa = XCBuildConfiguration;
			buildSettings = {
				ALWAYS_EMBED_SWIFT_STANDARD_LIBRARIES = YES;
				BUNDLE_LOADER = "$(TEST_HOST)";
				CODE_SIGN_STYLE = Automatic;
				CURRENT_PROJECT_VERSION = 1;
				GENERATE_INFOPLIST_FILE = YES;
				IPHONEOS_DEPLOYMENT_TARGET = 17.2;
				MARKETING_VERSION = 1.0;
				PRODUCT_BUNDLE_IDENTIFIER = com.ActivityListTests;
				PRODUCT_NAME = "$(TARGET_NAME)";
				SWIFT_EMIT_LOC_STRINGS = NO;
				SWIFT_VERSION = 5.0;
				TARGETED_DEVICE_FAMILY = "1,2";
				TEST_HOST = "$(BUILT_PRODUCTS_DIR)/ActivityList.app/$(BUNDLE_EXECUTABLE_FOLDER_PATH)/ActivityList";
			};
			name = Debug;
		};
		B5150D8A2BB1ABA90016EF33 /* Release */ = {
			isa = XCBuildConfiguration;
			buildSettings = {
				ALWAYS_EMBED_SWIFT_STANDARD_LIBRARIES = YES;
				BUNDLE_LOADER = "$(TEST_HOST)";
				CODE_SIGN_STYLE = Automatic;
				CURRENT_PROJECT_VERSION = 1;
				GENERATE_INFOPLIST_FILE = YES;
				IPHONEOS_DEPLOYMENT_TARGET = 17.2;
				MARKETING_VERSION = 1.0;
				PRODUCT_BUNDLE_IDENTIFIER = com.ActivityListTests;
				PRODUCT_NAME = "$(TARGET_NAME)";
				SWIFT_EMIT_LOC_STRINGS = NO;
				SWIFT_VERSION = 5.0;
				TARGETED_DEVICE_FAMILY = "1,2";
				TEST_HOST = "$(BUILT_PRODUCTS_DIR)/ActivityList.app/$(BUNDLE_EXECUTABLE_FOLDER_PATH)/ActivityList";
			};
			name = Release;
		};
		B5150D8C2BB1ABA90016EF33 /* Debug */ = {
			isa = XCBuildConfiguration;
			buildSettings = {
				ALWAYS_EMBED_SWIFT_STANDARD_LIBRARIES = YES;
				CODE_SIGN_STYLE = Automatic;
				CURRENT_PROJECT_VERSION = 1;
				GENERATE_INFOPLIST_FILE = YES;
				MARKETING_VERSION = 1.0;
				PRODUCT_BUNDLE_IDENTIFIER = com.ActivityListUITests;
				PRODUCT_NAME = "$(TARGET_NAME)";
				SWIFT_EMIT_LOC_STRINGS = NO;
				SWIFT_VERSION = 5.0;
				TARGETED_DEVICE_FAMILY = "1,2";
				TEST_TARGET_NAME = ActivityList;
			};
			name = Debug;
		};
		B5150D8D2BB1ABA90016EF33 /* Release */ = {
			isa = XCBuildConfiguration;
			buildSettings = {
				ALWAYS_EMBED_SWIFT_STANDARD_LIBRARIES = YES;
				CODE_SIGN_STYLE = Automatic;
				CURRENT_PROJECT_VERSION = 1;
				GENERATE_INFOPLIST_FILE = YES;
				MARKETING_VERSION = 1.0;
				PRODUCT_BUNDLE_IDENTIFIER = com.ActivityListUITests;
				PRODUCT_NAME = "$(TARGET_NAME)";
				SWIFT_EMIT_LOC_STRINGS = NO;
				SWIFT_VERSION = 5.0;
				TARGETED_DEVICE_FAMILY = "1,2";
				TEST_TARGET_NAME = ActivityList;
			};
			name = Release;
		};
		B5150E3D2BB1BACA0016EF33 /* Debug */ = {
			isa = XCBuildConfiguration;
			buildSettings = {
				CODE_SIGN_STYLE = Automatic;
				CURRENT_PROJECT_VERSION = 1;
				DEFINES_MODULE = YES;
				DYLIB_COMPATIBILITY_VERSION = 1;
				DYLIB_CURRENT_VERSION = 1;
				DYLIB_INSTALL_NAME_BASE = "@rpath";
				ENABLE_MODULE_VERIFIER = YES;
				GENERATE_INFOPLIST_FILE = YES;
				INFOPLIST_KEY_NSHumanReadableCopyright = "";
				INSTALL_PATH = "$(LOCAL_LIBRARY_DIR)/Frameworks";
				IPHONEOS_DEPLOYMENT_TARGET = 17.2;
				LD_RUNPATH_SEARCH_PATHS = (
					"@executable_path/Frameworks",
					"@loader_path/Frameworks",
				);
				"LD_RUNPATH_SEARCH_PATHS[sdk=macosx*]" = (
					"@executable_path/../Frameworks",
					"@loader_path/Frameworks",
				);
				MACOSX_DEPLOYMENT_TARGET = 14.2;
				MARKETING_VERSION = 1.0;
				MODULE_VERIFIER_SUPPORTED_LANGUAGES = "objective-c objective-c++";
				MODULE_VERIFIER_SUPPORTED_LANGUAGE_STANDARDS = "gnu17 gnu++20";
				PRODUCT_BUNDLE_IDENTIFIER = com.ActivityListDomain;
				PRODUCT_NAME = "$(TARGET_NAME:c99extidentifier)";
				SDKROOT = auto;
				SKIP_INSTALL = YES;
				SUPPORTED_PLATFORMS = "iphoneos iphonesimulator macosx";
				SWIFT_EMIT_LOC_STRINGS = YES;
				SWIFT_VERSION = 5.0;
				TARGETED_DEVICE_FAMILY = "1,2";
				VERSIONING_SYSTEM = "apple-generic";
				VERSION_INFO_PREFIX = "";
			};
			name = Debug;
		};
		B5150E3E2BB1BACA0016EF33 /* Release */ = {
			isa = XCBuildConfiguration;
			buildSettings = {
				CODE_SIGN_STYLE = Automatic;
				CURRENT_PROJECT_VERSION = 1;
				DEFINES_MODULE = YES;
				DYLIB_COMPATIBILITY_VERSION = 1;
				DYLIB_CURRENT_VERSION = 1;
				DYLIB_INSTALL_NAME_BASE = "@rpath";
				ENABLE_MODULE_VERIFIER = YES;
				GENERATE_INFOPLIST_FILE = YES;
				INFOPLIST_KEY_NSHumanReadableCopyright = "";
				INSTALL_PATH = "$(LOCAL_LIBRARY_DIR)/Frameworks";
				IPHONEOS_DEPLOYMENT_TARGET = 17.2;
				LD_RUNPATH_SEARCH_PATHS = (
					"@executable_path/Frameworks",
					"@loader_path/Frameworks",
				);
				"LD_RUNPATH_SEARCH_PATHS[sdk=macosx*]" = (
					"@executable_path/../Frameworks",
					"@loader_path/Frameworks",
				);
				MACOSX_DEPLOYMENT_TARGET = 14.2;
				MARKETING_VERSION = 1.0;
				MODULE_VERIFIER_SUPPORTED_LANGUAGES = "objective-c objective-c++";
				MODULE_VERIFIER_SUPPORTED_LANGUAGE_STANDARDS = "gnu17 gnu++20";
				PRODUCT_BUNDLE_IDENTIFIER = com.ActivityListDomain;
				PRODUCT_NAME = "$(TARGET_NAME:c99extidentifier)";
				SDKROOT = auto;
				SKIP_INSTALL = YES;
				SUPPORTED_PLATFORMS = "iphoneos iphonesimulator macosx";
				SWIFT_EMIT_LOC_STRINGS = YES;
				SWIFT_VERSION = 5.0;
				TARGETED_DEVICE_FAMILY = "1,2";
				VERSIONING_SYSTEM = "apple-generic";
				VERSION_INFO_PREFIX = "";
			};
			name = Release;
		};
		B5150E402BB1BACA0016EF33 /* Debug */ = {
			isa = XCBuildConfiguration;
			buildSettings = {
				ALWAYS_EMBED_SWIFT_STANDARD_LIBRARIES = YES;
				CODE_SIGN_STYLE = Automatic;
				CURRENT_PROJECT_VERSION = 1;
				GENERATE_INFOPLIST_FILE = YES;
				IPHONEOS_DEPLOYMENT_TARGET = 17.2;
				MACOSX_DEPLOYMENT_TARGET = 14.2;
				MARKETING_VERSION = 1.0;
				PRODUCT_BUNDLE_IDENTIFIER = com.ActivityListDomainTests;
				PRODUCT_NAME = "$(TARGET_NAME)";
				SDKROOT = auto;
				SUPPORTED_PLATFORMS = "iphoneos iphonesimulator macosx";
				SWIFT_EMIT_LOC_STRINGS = NO;
				SWIFT_VERSION = 5.0;
				TARGETED_DEVICE_FAMILY = "1,2";
				TEST_HOST = "$(BUILT_PRODUCTS_DIR)/ActivityList.app/$(BUNDLE_EXECUTABLE_FOLDER_PATH)/ActivityList";
			};
			name = Debug;
		};
		B5150E412BB1BACA0016EF33 /* Release */ = {
			isa = XCBuildConfiguration;
			buildSettings = {
				ALWAYS_EMBED_SWIFT_STANDARD_LIBRARIES = YES;
				CODE_SIGN_STYLE = Automatic;
				CURRENT_PROJECT_VERSION = 1;
				GENERATE_INFOPLIST_FILE = YES;
				IPHONEOS_DEPLOYMENT_TARGET = 17.2;
				MACOSX_DEPLOYMENT_TARGET = 14.2;
				MARKETING_VERSION = 1.0;
				PRODUCT_BUNDLE_IDENTIFIER = com.ActivityListDomainTests;
				PRODUCT_NAME = "$(TARGET_NAME)";
				SDKROOT = auto;
				SUPPORTED_PLATFORMS = "iphoneos iphonesimulator macosx";
				SWIFT_EMIT_LOC_STRINGS = NO;
				SWIFT_VERSION = 5.0;
				TARGETED_DEVICE_FAMILY = "1,2";
				TEST_HOST = "$(BUILT_PRODUCTS_DIR)/ActivityList.app/$(BUNDLE_EXECUTABLE_FOLDER_PATH)/ActivityList";
			};
			name = Release;
		};
		B5150E792BB1C88D0016EF33 /* Debug */ = {
			isa = XCBuildConfiguration;
			buildSettings = {
				CODE_SIGN_STYLE = Automatic;
				CURRENT_PROJECT_VERSION = 1;
				DEFINES_MODULE = YES;
				DYLIB_COMPATIBILITY_VERSION = 1;
				DYLIB_CURRENT_VERSION = 1;
				DYLIB_INSTALL_NAME_BASE = "@rpath";
				ENABLE_MODULE_VERIFIER = YES;
				GENERATE_INFOPLIST_FILE = YES;
				INFOPLIST_KEY_NSHumanReadableCopyright = "";
				INSTALL_PATH = "$(LOCAL_LIBRARY_DIR)/Frameworks";
				LD_RUNPATH_SEARCH_PATHS = (
					"$(inherited)",
					"@executable_path/Frameworks",
					"@loader_path/Frameworks",
				);
				MARKETING_VERSION = 1.0;
				MODULE_VERIFIER_SUPPORTED_LANGUAGES = "objective-c objective-c++";
				MODULE_VERIFIER_SUPPORTED_LANGUAGE_STANDARDS = "gnu17 gnu++20";
				PRODUCT_BUNDLE_IDENTIFIER = com.ActivityListUI;
				PRODUCT_NAME = "$(TARGET_NAME:c99extidentifier)";
				SKIP_INSTALL = YES;
				SWIFT_EMIT_LOC_STRINGS = YES;
				SWIFT_VERSION = 5.0;
				TARGETED_DEVICE_FAMILY = "1,2";
				VERSIONING_SYSTEM = "apple-generic";
				VERSION_INFO_PREFIX = "";
			};
			name = Debug;
		};
		B5150E7A2BB1C88D0016EF33 /* Release */ = {
			isa = XCBuildConfiguration;
			buildSettings = {
				CODE_SIGN_STYLE = Automatic;
				CURRENT_PROJECT_VERSION = 1;
				DEFINES_MODULE = YES;
				DYLIB_COMPATIBILITY_VERSION = 1;
				DYLIB_CURRENT_VERSION = 1;
				DYLIB_INSTALL_NAME_BASE = "@rpath";
				ENABLE_MODULE_VERIFIER = YES;
				GENERATE_INFOPLIST_FILE = YES;
				INFOPLIST_KEY_NSHumanReadableCopyright = "";
				INSTALL_PATH = "$(LOCAL_LIBRARY_DIR)/Frameworks";
				LD_RUNPATH_SEARCH_PATHS = (
					"$(inherited)",
					"@executable_path/Frameworks",
					"@loader_path/Frameworks",
				);
				MARKETING_VERSION = 1.0;
				MODULE_VERIFIER_SUPPORTED_LANGUAGES = "objective-c objective-c++";
				MODULE_VERIFIER_SUPPORTED_LANGUAGE_STANDARDS = "gnu17 gnu++20";
				PRODUCT_BUNDLE_IDENTIFIER = com.ActivityListUI;
				PRODUCT_NAME = "$(TARGET_NAME:c99extidentifier)";
				SKIP_INSTALL = YES;
				SWIFT_EMIT_LOC_STRINGS = YES;
				SWIFT_VERSION = 5.0;
				TARGETED_DEVICE_FAMILY = "1,2";
				VERSIONING_SYSTEM = "apple-generic";
				VERSION_INFO_PREFIX = "";
			};
			name = Release;
		};
		B5150E7C2BB1C88D0016EF33 /* Debug */ = {
			isa = XCBuildConfiguration;
			buildSettings = {
				ALWAYS_EMBED_SWIFT_STANDARD_LIBRARIES = YES;
				CODE_SIGN_STYLE = Automatic;
				CURRENT_PROJECT_VERSION = 1;
				GENERATE_INFOPLIST_FILE = YES;
				MARKETING_VERSION = 1.0;
				PRODUCT_BUNDLE_IDENTIFIER = com.ActivityListUITests;
				PRODUCT_NAME = "$(TARGET_NAME)";
				SWIFT_EMIT_LOC_STRINGS = NO;
				SWIFT_VERSION = 5.0;
				TARGETED_DEVICE_FAMILY = "1,2";
				TEST_HOST = "$(BUILT_PRODUCTS_DIR)/ActivityList.app/$(BUNDLE_EXECUTABLE_FOLDER_PATH)/ActivityList";
			};
			name = Debug;
		};
		B5150E7D2BB1C88D0016EF33 /* Release */ = {
			isa = XCBuildConfiguration;
			buildSettings = {
				ALWAYS_EMBED_SWIFT_STANDARD_LIBRARIES = YES;
				CODE_SIGN_STYLE = Automatic;
				CURRENT_PROJECT_VERSION = 1;
				GENERATE_INFOPLIST_FILE = YES;
				MARKETING_VERSION = 1.0;
				PRODUCT_BUNDLE_IDENTIFIER = com.ActivityListUITests;
				PRODUCT_NAME = "$(TARGET_NAME)";
				SWIFT_EMIT_LOC_STRINGS = NO;
				SWIFT_VERSION = 5.0;
				TARGETED_DEVICE_FAMILY = "1,2";
				TEST_HOST = "$(BUILT_PRODUCTS_DIR)/ActivityList.app/$(BUNDLE_EXECUTABLE_FOLDER_PATH)/ActivityList";
			};
			name = Release;
		};
		B5B399E52BB2A9F90084726F /* Debug */ = {
			isa = XCBuildConfiguration;
			buildSettings = {
				CODE_SIGN_STYLE = Automatic;
				CURRENT_PROJECT_VERSION = 1;
				DEFINES_MODULE = YES;
				DYLIB_COMPATIBILITY_VERSION = 1;
				DYLIB_CURRENT_VERSION = 1;
				DYLIB_INSTALL_NAME_BASE = "@rpath";
				ENABLE_MODULE_VERIFIER = YES;
				GENERATE_INFOPLIST_FILE = YES;
				INFOPLIST_KEY_NSHumanReadableCopyright = "";
				INSTALL_PATH = "$(LOCAL_LIBRARY_DIR)/Frameworks";
				LD_RUNPATH_SEARCH_PATHS = (
					"$(inherited)",
					"@executable_path/Frameworks",
					"@loader_path/Frameworks",
				);
				MARKETING_VERSION = 1.0;
				MODULE_VERIFIER_SUPPORTED_LANGUAGES = "objective-c objective-c++";
				MODULE_VERIFIER_SUPPORTED_LANGUAGE_STANDARDS = "gnu17 gnu++20";
				PRODUCT_BUNDLE_IDENTIFIER = com.ActivityListDataLayer;
				PRODUCT_NAME = "$(TARGET_NAME:c99extidentifier)";
				SKIP_INSTALL = YES;
				SWIFT_EMIT_LOC_STRINGS = YES;
				SWIFT_VERSION = 5.0;
				TARGETED_DEVICE_FAMILY = "1,2";
				VERSIONING_SYSTEM = "apple-generic";
				VERSION_INFO_PREFIX = "";
			};
			name = Debug;
		};
		B5B399E62BB2A9F90084726F /* Release */ = {
			isa = XCBuildConfiguration;
			buildSettings = {
				CODE_SIGN_STYLE = Automatic;
				CURRENT_PROJECT_VERSION = 1;
				DEFINES_MODULE = YES;
				DYLIB_COMPATIBILITY_VERSION = 1;
				DYLIB_CURRENT_VERSION = 1;
				DYLIB_INSTALL_NAME_BASE = "@rpath";
				ENABLE_MODULE_VERIFIER = YES;
				GENERATE_INFOPLIST_FILE = YES;
				INFOPLIST_KEY_NSHumanReadableCopyright = "";
				INSTALL_PATH = "$(LOCAL_LIBRARY_DIR)/Frameworks";
				LD_RUNPATH_SEARCH_PATHS = (
					"$(inherited)",
					"@executable_path/Frameworks",
					"@loader_path/Frameworks",
				);
				MARKETING_VERSION = 1.0;
				MODULE_VERIFIER_SUPPORTED_LANGUAGES = "objective-c objective-c++";
				MODULE_VERIFIER_SUPPORTED_LANGUAGE_STANDARDS = "gnu17 gnu++20";
				PRODUCT_BUNDLE_IDENTIFIER = com.ActivityListDataLayer;
				PRODUCT_NAME = "$(TARGET_NAME:c99extidentifier)";
				SKIP_INSTALL = YES;
				SWIFT_EMIT_LOC_STRINGS = YES;
				SWIFT_VERSION = 5.0;
				TARGETED_DEVICE_FAMILY = "1,2";
				VERSIONING_SYSTEM = "apple-generic";
				VERSION_INFO_PREFIX = "";
			};
			name = Release;
		};
		B5B399E82BB2A9F90084726F /* Debug */ = {
			isa = XCBuildConfiguration;
			buildSettings = {
				ALWAYS_EMBED_SWIFT_STANDARD_LIBRARIES = YES;
				CODE_SIGN_STYLE = Automatic;
				CURRENT_PROJECT_VERSION = 1;
				GENERATE_INFOPLIST_FILE = YES;
				MARKETING_VERSION = 1.0;
				PRODUCT_BUNDLE_IDENTIFIER = com.ActivityListDataLayerTests;
				PRODUCT_NAME = "$(TARGET_NAME)";
				SWIFT_EMIT_LOC_STRINGS = NO;
				SWIFT_VERSION = 5.0;
				TARGETED_DEVICE_FAMILY = "1,2";
				TEST_HOST = "$(BUILT_PRODUCTS_DIR)/ActivityList.app/$(BUNDLE_EXECUTABLE_FOLDER_PATH)/ActivityList";
			};
			name = Debug;
		};
		B5B399E92BB2A9F90084726F /* Release */ = {
			isa = XCBuildConfiguration;
			buildSettings = {
				ALWAYS_EMBED_SWIFT_STANDARD_LIBRARIES = YES;
				CODE_SIGN_STYLE = Automatic;
				CURRENT_PROJECT_VERSION = 1;
				GENERATE_INFOPLIST_FILE = YES;
				MARKETING_VERSION = 1.0;
				PRODUCT_BUNDLE_IDENTIFIER = com.ActivityListDataLayerTests;
				PRODUCT_NAME = "$(TARGET_NAME)";
				SWIFT_EMIT_LOC_STRINGS = NO;
				SWIFT_VERSION = 5.0;
				TARGETED_DEVICE_FAMILY = "1,2";
				TEST_HOST = "$(BUILT_PRODUCTS_DIR)/ActivityList.app/$(BUNDLE_EXECUTABLE_FOLDER_PATH)/ActivityList";
			};
			name = Release;
		};
/* End XCBuildConfiguration section */

/* Begin XCConfigurationList section */
		B5150D562BB1ABA60016EF33 /* Build configuration list for PBXProject "ActivityList" */ = {
			isa = XCConfigurationList;
			buildConfigurations = (
				B5150D832BB1ABA90016EF33 /* Debug */,
				B5150D842BB1ABA90016EF33 /* Release */,
			);
			defaultConfigurationIsVisible = 0;
			defaultConfigurationName = Release;
		};
		B5150D852BB1ABA90016EF33 /* Build configuration list for PBXNativeTarget "ActivityList" */ = {
			isa = XCConfigurationList;
			buildConfigurations = (
				B5150D862BB1ABA90016EF33 /* Debug */,
				B5150D872BB1ABA90016EF33 /* Release */,
			);
			defaultConfigurationIsVisible = 0;
			defaultConfigurationName = Release;
		};
		B5150D882BB1ABA90016EF33 /* Build configuration list for PBXNativeTarget "ActivityListTests" */ = {
			isa = XCConfigurationList;
			buildConfigurations = (
				B5150D892BB1ABA90016EF33 /* Debug */,
				B5150D8A2BB1ABA90016EF33 /* Release */,
			);
			defaultConfigurationIsVisible = 0;
			defaultConfigurationName = Release;
		};
		B5150D8B2BB1ABA90016EF33 /* Build configuration list for PBXNativeTarget "ActivityListUITests" */ = {
			isa = XCConfigurationList;
			buildConfigurations = (
				B5150D8C2BB1ABA90016EF33 /* Debug */,
				B5150D8D2BB1ABA90016EF33 /* Release */,
			);
			defaultConfigurationIsVisible = 0;
			defaultConfigurationName = Release;
		};
		B5150E3C2BB1BACA0016EF33 /* Build configuration list for PBXNativeTarget "ActivityListDomain" */ = {
			isa = XCConfigurationList;
			buildConfigurations = (
				B5150E3D2BB1BACA0016EF33 /* Debug */,
				B5150E3E2BB1BACA0016EF33 /* Release */,
			);
			defaultConfigurationIsVisible = 0;
			defaultConfigurationName = Release;
		};
		B5150E3F2BB1BACA0016EF33 /* Build configuration list for PBXNativeTarget "ActivityListDomainTests" */ = {
			isa = XCConfigurationList;
			buildConfigurations = (
				B5150E402BB1BACA0016EF33 /* Debug */,
				B5150E412BB1BACA0016EF33 /* Release */,
			);
			defaultConfigurationIsVisible = 0;
			defaultConfigurationName = Release;
		};
		B5150E782BB1C88D0016EF33 /* Build configuration list for PBXNativeTarget "ActivityListUI" */ = {
			isa = XCConfigurationList;
			buildConfigurations = (
				B5150E792BB1C88D0016EF33 /* Debug */,
				B5150E7A2BB1C88D0016EF33 /* Release */,
			);
			defaultConfigurationIsVisible = 0;
			defaultConfigurationName = Release;
		};
		B5150E7B2BB1C88D0016EF33 /* Build configuration list for PBXNativeTarget "ActivityListUITests" */ = {
			isa = XCConfigurationList;
			buildConfigurations = (
				B5150E7C2BB1C88D0016EF33 /* Debug */,
				B5150E7D2BB1C88D0016EF33 /* Release */,
			);
			defaultConfigurationIsVisible = 0;
			defaultConfigurationName = Release;
		};
		B5B399E42BB2A9F90084726F /* Build configuration list for PBXNativeTarget "ActivityListDataLayer" */ = {
			isa = XCConfigurationList;
			buildConfigurations = (
				B5B399E52BB2A9F90084726F /* Debug */,
				B5B399E62BB2A9F90084726F /* Release */,
			);
			defaultConfigurationIsVisible = 0;
			defaultConfigurationName = Release;
		};
		B5B399E72BB2A9F90084726F /* Build configuration list for PBXNativeTarget "ActivityListDataLayerTests" */ = {
			isa = XCConfigurationList;
			buildConfigurations = (
				B5B399E82BB2A9F90084726F /* Debug */,
				B5B399E92BB2A9F90084726F /* Release */,
			);
			defaultConfigurationIsVisible = 0;
			defaultConfigurationName = Release;
		};
/* End XCConfigurationList section */
	};
	rootObject = B5150D532BB1ABA60016EF33 /* Project object */;
}
